{
  "version": 4,
  "terraform_version": "1.3.0",
  "serial": 69,
  "lineage": "aa6aca9f-5ef5-32e2-a1f4-1a5e0c298295",
  "outputs": {
    "myaz": {
      "value": "cn-south-1c",
      "type": "string"
    },
    "vpc_id": {
      "value": "c93bfd8b-02e5-4e54-92c1-7e741c58abda",
      "type": "string"
    }
  },
  "resources": [
    {
      "mode": "data",
      "type": "huaweicloud_availability_zones",
      "name": "myaz",
      "provider": "provider[\"registry.terraform.io/huaweicloud/huaweicloud\"]",
      "instances": [
        {
          "schema_version": 0,
          "attributes": {
            "id": "3949983962",
            "names": [
              "cn-south-1a",
              "cn-south-1c",
              "cn-south-1e",
              "cn-south-1f",
              "cn-south-2b"
            ],
            "region": null,
            "state": "available"
          },
          "sensitive_attributes": []
        }
      ]
    },
    {
      "mode": "data",
      "type": "huaweicloud_compute_flavors",
      "name": "myflavor",
      "provider": "provider[\"registry.terraform.io/huaweicloud/huaweicloud\"]",
      "instances": [
        {
          "schema_version": 0,
          "attributes": {
            "availability_zone": "cn-south-1e",
            "cpu_core_count": 1,
            "generation": null,
            "id": "3035409187",
            "ids": [
              "s6.small.1"
            ],
            "memory_size": 1,
            "performance_type": "normal",
            "region": "cn-south-1"
          },
          "sensitive_attributes": []
        }
      ]
    },
    {
      "mode": "data",
      "type": "huaweicloud_images_image",
      "name": "myimage",
      "provider": "provider[\"registry.terraform.io/huaweicloud/huaweicloud\"]",
      "instances": [
        {
          "schema_version": 0,
          "attributes": {
            "architecture": null,
            "checksum": "d41d8cd98f00b204e9800998ecf8427e",
            "container_format": "bare",
            "created_at": "2018-09-28T14:48:41Z",
            "disk_format": "zvhd2",
            "enterprise_project_id": "",
            "file": "/v2/images/c5a4dd31-38df-447f-8363-1085c03cb3f1/file",
            "flavor_id": null,
            "id": "c5a4dd31-38df-447f-8363-1085c03cb3f1",
            "image_type": "FusionCompute",
            "metadata": null,
            "min_disk_gb": 40,
            "min_ram_mb": 1024,
            "most_recent": true,
            "name": "Ubuntu 18.04 server 64bit",
            "name_regex": null,
            "os": "Ubuntu",
            "os_version": "Ubuntu 18.04 server 64bit",
            "owner": "87f6e34660d347e3a1f89d4f05f0dc02",
            "protected": true,
            "region": null,
            "schema": "/v2/schemas/image",
            "size_bytes": 2064588800,
            "size_max": null,
            "size_min": null,
            "sort_direction": "asc",
            "sort_key": "name",
            "status": "active",
            "tag": null,
            "updated_at": "2022-11-15T09:04:58Z",
            "visibility": "public"
          },
          "sensitive_attributes": []
        }
      ]
    },
    {
      "mode": "data",
      "type": "huaweicloud_vpc_subnet",
      "name": "mynet",
      "provider": "provider[\"registry.terraform.io/huaweicloud/huaweicloud\"]",
      "instances": [
        {
          "schema_version": 0,
          "attributes": {
            "availability_zone": "",
            "cidr": "172.16.10.0/24",
            "description": "",
            "dhcp_enable": true,
            "dns_list": [
              "100.125.1.250",
              "100.125.3.250"
            ],
            "gateway_ip": "172.16.10.1",
            "id": "7877b2b2-e596-4268-9b94-ac03875638b0",
            "ipv4_subnet_id": "cc2c9168-dfe6-419b-a38e-b281845d05b1",
            "ipv6_cidr": "",
            "ipv6_enable": false,
            "ipv6_gateway": "",
            "ipv6_subnet_id": "",
            "name": "subnet_basic_cd",
            "primary_dns": "100.125.1.250",
            "region": "cn-south-1",
            "secondary_dns": "100.125.3.250",
            "status": "ACTIVE",
            "subnet_id": "cc2c9168-dfe6-419b-a38e-b281845d05b1",
            "vpc_id": "c93bfd8b-02e5-4e54-92c1-7e741c58abda"
          },
          "sensitive_attributes": []
        }
      ]
    },
    {
      "mode": "managed",
      "type": "huaweicloud_compute_instance",
      "name": "basic",
      "provider": "provider[\"registry.terraform.io/huaweicloud/huaweicloud\"]",
      "instances": [
        {
          "schema_version": 0,
          "attributes": {
            "access_ip_v4": "172.16.10.249",
            "access_ip_v6": "",
            "admin_pass": "BlBxRxKzTWwrg702",
            "agency_name": "",
            "agent_list": "",
            "auto_pay": null,
            "auto_renew": null,
            "availability_zone": "cn-south-1e",
            "bandwidth": [],
            "block_device": [],
            "charging_mode": "postPaid",
            "created_at": "2023-02-24T02:36:10Z",
            "data_disks": [],
            "delete_disks_on_termination": null,
            "delete_eip_on_termination": true,
            "eip_id": null,
            "eip_type": null,
            "enterprise_project_id": "0",
            "flavor_id": "s6.small.1",
            "flavor_name": "s6.small.1",
            "id": "57f753fd-cef6-4424-9ab8-11802b422331",
            "image_id": "c5a4dd31-38df-447f-8363-1085c03cb3f1",
            "image_name": "Ubuntu 18.04 server 64bit",
            "key_pair": null,
            "metadata": null,
            "name": "basic",
            "network": [
              {
                "access_network": false,
                "fixed_ip_v4": "172.16.10.249",
                "fixed_ip_v6": "",
                "ipv6_enable": false,
                "mac": "fa:16:3e:ea:e4:d3",
                "port": "0a22b370-5bb7-4285-b80c-cbce6822302f",
                "source_dest_check": true,
                "uuid": "7877b2b2-e596-4268-9b94-ac03875638b0"
              }
            ],
            "period": null,
            "period_unit": null,
            "power_action": null,
            "private_key": null,
            "public_ip": null,
            "region": "cn-south-1",
            "scheduler_hints": [],
            "security_group_ids": [
              "41fee774-1ef0-48d5-aefa-d3648ed15bf7"
            ],
            "security_groups": [
              "secgroup-basic"
            ],
            "spot_duration": null,
            "spot_duration_count": null,
            "spot_maximum_price": null,
            "status": "ACTIVE",
            "stop_before_destroy": false,
            "system_disk_id": "f2fb2af4-2515-4c02-a02d-7bc0787704d7",
            "system_disk_size": 40,
            "system_disk_type": "GPSSD",
            "tags": null,
            "timeouts": null,
            "updated_at": "2023-02-24T02:37:10Z",
            "user_data": null,
            "user_id": null,
            "volume_attached": [
              {
                "boot_index": 0,
                "pci_address": "0000:02:01.0",
                "size": 40,
                "type": "GPSSD",
                "volume_id": "f2fb2af4-2515-4c02-a02d-7bc0787704d7"
              }
            ]
          },
          "sensitive_attributes": [
            [
              {
                "type": "get_attr",
                "value": "admin_pass"
              }
            ]
          ],
          "private": "eyJlMmJmYjczMC1lY2FhLTExZTYtOGY4OC0zNDM2M2JjN2M0YzAiOnsiY3JlYXRlIjoxODAwMDAwMDAwMDAwLCJkZWxldGUiOjE4MDAwMDAwMDAwMDAsInVwZGF0ZSI6MTgwMDAwMDAwMDAwMH19",
          "dependencies": [
            "data.huaweicloud_availability_zones.myaz",
            "data.huaweicloud_images_image.myimage",
            "data.huaweicloud_vpc_subnet.mynet",
            "random_password.password"
          ]
        }
      ]
    },
    {
      "mode": "managed",
      "type": "huaweicloud_networking_secgroup",
      "name": "secgroup_1",
      "provider": "provider[\"registry.terraform.io/huaweicloud/huaweicloud\"]",
      "instances": [
        {
          "schema_version": 0,
          "attributes": {
            "created_at": "2023-02-23T09:41:23Z",
            "delete_default_rules": null,
            "description": "basic security group",
            "enterprise_project_id": "0",
            "id": "41fee774-1ef0-48d5-aefa-d3648ed15bf7",
            "name": "secgroup-basic",
            "region": "cn-south-1",
            "rules": [
              {
                "action": "allow",
                "description": "",
                "direction": "ingress",
                "ethertype": "IPv4",
                "id": "db17edb0-10f2-4ebd-857c-f81c3a565ab3",
                "port_range_max": 443,
                "port_range_min": 443,
                "ports": "443",
                "priority": 1,
                "protocol": "tcp",
                "remote_address_group_id": "",
                "remote_group_id": "",
                "remote_ip_prefix": "0.0.0.0/0"
              },
              {
                "action": "allow",
                "description": "",
                "direction": "ingress",
                "ethertype": "IPv4",
                "id": "205a460d-4e18-4741-8770-b8ea5caade4c",
                "port_range_max": 0,
                "port_range_min": 0,
                "ports": "",
                "priority": 1,
                "protocol": "icmp",
                "remote_address_group_id": "",
                "remote_group_id": "",
                "remote_ip_prefix": "0.0.0.0/0"
              },
              {
                "action": "allow",
                "description": "",
                "direction": "egress",
                "ethertype": "IPv6",
                "id": "599ed23f-dce4-4949-add8-ec6d825d7762",
                "port_range_max": 0,
                "port_range_min": 0,
                "ports": "",
                "priority": 100,
                "protocol": "",
                "remote_address_group_id": "",
                "remote_group_id": "",
                "remote_ip_prefix": ""
              },
              {
                "action": "allow",
                "description": "",
                "direction": "ingress",
                "ethertype": "IPv6",
                "id": "c2450692-52f1-41cc-b0f2-01c10a6cc316",
                "port_range_max": 0,
                "port_range_min": 0,
                "ports": "",
                "priority": 100,
                "protocol": "",
                "remote_address_group_id": "",
                "remote_group_id": "41fee774-1ef0-48d5-aefa-d3648ed15bf7",
                "remote_ip_prefix": ""
              },
              {
                "action": "allow",
                "description": "",
                "direction": "ingress",
                "ethertype": "IPv4",
                "id": "cc4f9561-9c5c-4b77-b618-c742b2b270b0",
                "port_range_max": 0,
                "port_range_min": 0,
                "ports": "",
                "priority": 100,
                "protocol": "",
                "remote_address_group_id": "",
                "remote_group_id": "41fee774-1ef0-48d5-aefa-d3648ed15bf7",
                "remote_ip_prefix": ""
              },
              {
                "action": "allow",
                "description": "",
                "direction": "egress",
                "ethertype": "IPv4",
                "id": "bed9414b-de35-463d-989e-d17897956b9f",
                "port_range_max": 0,
                "port_range_min": 0,
                "ports": "",
                "priority": 100,
                "protocol": "",
                "remote_address_group_id": "",
                "remote_group_id": "",
                "remote_ip_prefix": ""
              }
            ],
            "timeouts": null,
            "updated_at": "2023-02-23T09:41:23Z"
          },
          "sensitive_attributes": [],
          "private": "eyJlMmJmYjczMC1lY2FhLTExZTYtOGY4OC0zNDM2M2JjN2M0YzAiOnsiZGVsZXRlIjo2MDAwMDAwMDAwMDB9fQ=="
        }
      ]
    },
    {
      "mode": "managed",
      "type": "huaweicloud_networking_secgroup_rule",
      "name": "allow_https",
      "provider": "provider[\"registry.terraform.io/huaweicloud/huaweicloud\"]",
      "instances": [
        {
          "schema_version": 0,
          "attributes": {
            "action": "allow",
            "description": "",
            "direction": "ingress",
            "ethertype": "IPv4",
            "id": "db17edb0-10f2-4ebd-857c-f81c3a565ab3",
            "port_range_max": 443,
            "port_range_min": 443,
            "ports": "443",
            "priority": 1,
            "protocol": "tcp",
            "region": "cn-south-1",
            "remote_address_group_id": "",
            "remote_group_id": "",
            "remote_ip_prefix": "0.0.0.0/0",
            "security_group_id": "41fee774-1ef0-48d5-aefa-d3648ed15bf7",
            "timeouts": null
          },
          "sensitive_attributes": [],
          "private": "eyJlMmJmYjczMC1lY2FhLTExZTYtOGY4OC0zNDM2M2JjN2M0YzAiOnsiZGVsZXRlIjo2MDAwMDAwMDAwMDB9fQ==",
          "dependencies": [
            "huaweicloud_networking_secgroup.secgroup_1"
          ]
        }
      ]
    },
    {
      "mode": "managed",
      "type": "huaweicloud_networking_secgroup_rule",
      "name": "allow_ping",
      "provider": "provider[\"registry.terraform.io/huaweicloud/huaweicloud\"]",
      "instances": [
        {
          "schema_version": 0,
          "attributes": {
            "action": "allow",
            "description": "",
            "direction": "ingress",
            "ethertype": "IPv4",
            "id": "205a460d-4e18-4741-8770-b8ea5caade4c",
            "port_range_max": 0,
            "port_range_min": 0,
            "ports": "",
            "priority": 1,
            "protocol": "icmp",
            "region": "cn-south-1",
            "remote_address_group_id": "",
            "remote_group_id": "",
            "remote_ip_prefix": "0.0.0.0/0",
            "security_group_id": "41fee774-1ef0-48d5-aefa-d3648ed15bf7",
            "timeouts": null
          },
          "sensitive_attributes": [],
          "private": "eyJlMmJmYjczMC1lY2FhLTExZTYtOGY4OC0zNDM2M2JjN2M0YzAiOnsiZGVsZXRlIjo2MDAwMDAwMDAwMDB9fQ==",
          "dependencies": [
            "huaweicloud_networking_secgroup.secgroup_1"
          ]
        }
      ]
    },
    {
      "mode": "managed",
      "type": "huaweicloud_vpc",
      "name": "vpc_1",
      "provider": "provider[\"registry.terraform.io/huaweicloud/huaweicloud\"]",
      "instances": [
        {
          "schema_version": 0,
          "attributes": {
            "cidr": "172.16.10.0/24",
            "description": "",
            "enterprise_project_id": "0",
            "id": "c93bfd8b-02e5-4e54-92c1-7e741c58abda",
            "name": "vpc_basic_cd",
            "region": "cn-south-1",
            "routes": [],
            "secondary_cidr": null,
            "status": "OK",
            "tags": {},
            "timeouts": null
          },
          "sensitive_attributes": [],
          "private": "eyJlMmJmYjczMC1lY2FhLTExZTYtOGY4OC0zNDM2M2JjN2M0YzAiOnsiY3JlYXRlIjo2MDAwMDAwMDAwMDAsImRlbGV0ZSI6MTgwMDAwMDAwMDAwfX0="
        }
      ]
    },
    {
      "mode": "managed",
      "type": "huaweicloud_vpc_subnet",
      "name": "subnet_1",
      "provider": "provider[\"registry.terraform.io/huaweicloud/huaweicloud\"]",
      "instances": [
        {
          "schema_version": 0,
          "attributes": {
            "availability_zone": "",
            "cidr": "172.16.10.0/24",
            "description": "",
            "dhcp_enable": true,
            "dns_list": [
              "100.125.1.250",
              "100.125.3.250"
            ],
            "gateway_ip": "172.16.10.1",
            "id": "7877b2b2-e596-4268-9b94-ac03875638b0",
            "ipv4_subnet_id": "cc2c9168-dfe6-419b-a38e-b281845d05b1",
            "ipv6_cidr": "",
            "ipv6_enable": false,
            "ipv6_gateway": "",
            "ipv6_subnet_id": "",
            "name": "subnet_basic_cd",
            "primary_dns": "100.125.1.250",
            "region": "cn-south-1",
            "secondary_dns": "100.125.3.250",
            "subnet_id": "cc2c9168-dfe6-419b-a38e-b281845d05b1",
            "tags": {},
            "timeouts": null,
            "vpc_id": "c93bfd8b-02e5-4e54-92c1-7e741c58abda"
          },
          "sensitive_attributes": [],
          "private": "eyJlMmJmYjczMC1lY2FhLTExZTYtOGY4OC0zNDM2M2JjN2M0YzAiOnsiY3JlYXRlIjozMDAwMDAwMDAwMDAsImRlbGV0ZSI6MzAwMDAwMDAwMDAwfX0=",
          "dependencies": [
            "huaweicloud_vpc.vpc_1"
          ]
        }
      ]
    },
    {
      "mode": "managed",
      "type": "random_password",
      "name": "password",
      "provider": "provider[\"registry.terraform.io/hashicorp/random\"]",
      "instances": [
        {
          "schema_version": 3,
          "attributes": {
            "bcrypt_hash": "$2a$10$5h5wLyfnVlb/Om03q4IeSuW97I8b7fQd6FjOfJtP9E0w220sSlDbi",
            "id": "none",
            "keepers": null,
            "length": 16,
            "lower": true,
            "min_lower": 0,
            "min_numeric": 0,
            "min_special": 0,
            "min_upper": 0,
            "number": true,
            "numeric": true,
            "override_special": "!@#$%*",
            "result": "BlBxRxKzTWwrg702",
            "special": true,
            "upper": true
          },
          "sensitive_attributes": []
        }
      ]
    }
  ],
  "check_results": []
}
