{
  "version": 4,
  "terraform_version": "1.3.0",
  "serial": 105,
  "lineage": "88a70aa6-faa8-2ff2-8da0-baa36ae8ba98",
  "outputs": {},
  "resources": [
    {
      "mode": "managed",
      "type": "huaweicloud_networking_secgroup",
      "name": "secgroup_1",
      "provider": "provider[\"registry.terraform.io/huaweicloud/huaweicloud\"]",
      "instances": [
        {
          "schema_version": 0,
          "attributes": {
            "created_at": "2023-02-27T04:04:14Z",
            "delete_default_rules": null,
            "description": "basic security group",
            "enterprise_project_id": "0",
            "id": "8d050d86-20ae-45ed-9119-b9f8b741280c",
            "name": "secgroup-basic",
            "region": "cn-south-1",
            "rules": [
              {
                "action": "allow",
                "description": "",
                "direction": "egress",
                "ethertype": "IPv6",
                "id": "818f3376-cda7-4d61-b2e9-be3b4989d2e7",
                "port_range_max": 0,
                "port_range_min": 0,
                "ports": "",
                "priority": 100,
                "protocol": "",
                "remote_address_group_id": "",
                "remote_group_id": "",
                "remote_ip_prefix": ""
              },
              {
                "action": "allow",
                "description": "",
                "direction": "egress",
                "ethertype": "IPv4",
                "id": "3908bc2a-7bee-4e09-9fc5-10b5ab0ef0aa",
                "port_range_max": 0,
                "port_range_min": 0,
                "ports": "",
                "priority": 100,
                "protocol": "",
                "remote_address_group_id": "",
                "remote_group_id": "",
                "remote_ip_prefix": ""
              },
              {
                "action": "allow",
                "description": "",
                "direction": "ingress",
                "ethertype": "IPv4",
                "id": "e4dfedff-1c70-46fa-88b4-86806cc31501",
                "port_range_max": 0,
                "port_range_min": 0,
                "ports": "",
                "priority": 100,
                "protocol": "",
                "remote_address_group_id": "",
                "remote_group_id": "8d050d86-20ae-45ed-9119-b9f8b741280c",
                "remote_ip_prefix": ""
              },
              {
                "action": "allow",
                "description": "",
                "direction": "ingress",
                "ethertype": "IPv6",
                "id": "3c4e869f-48eb-490c-8c98-4d92d01e084a",
                "port_range_max": 0,
                "port_range_min": 0,
                "ports": "",
                "priority": 100,
                "protocol": "",
                "remote_address_group_id": "",
                "remote_group_id": "8d050d86-20ae-45ed-9119-b9f8b741280c",
                "remote_ip_prefix": ""
              }
            ],
            "timeouts": null,
            "updated_at": "2023-02-27T04:04:14Z"
          },
          "sensitive_attributes": [],
          "private": "eyJlMmJmYjczMC1lY2FhLTExZTYtOGY4OC0zNDM2M2JjN2M0YzAiOnsiZGVsZXRlIjo2MDAwMDAwMDAwMDB9fQ=="
        }
      ]
    },
    {
      "mode": "managed",
      "type": "huaweicloud_vpc",
      "name": "vpc_basic",
      "provider": "provider[\"registry.terraform.io/huaweicloud/huaweicloud\"]",
      "instances": [
        {
          "schema_version": 0,
          "attributes": {
            "cidr": "172.16.10.0/24",
            "description": "",
            "enterprise_project_id": "0",
            "id": "0bbe5c9a-6f20-49b3-a137-c8a0d11ebdda",
            "name": "terraform_vpc_basic",
            "region": "cn-south-1",
            "routes": [],
            "secondary_cidr": null,
            "status": "OK",
            "tags": {},
            "timeouts": null
          },
          "sensitive_attributes": [],
          "private": "eyJlMmJmYjczMC1lY2FhLTExZTYtOGY4OC0zNDM2M2JjN2M0YzAiOnsiY3JlYXRlIjo2MDAwMDAwMDAwMDAsImRlbGV0ZSI6MTgwMDAwMDAwMDAwfX0="
        }
      ]
    },
    {
      "mode": "managed",
      "type": "huaweicloud_vpc_subnet",
      "name": "subnet_basic",
      "provider": "provider[\"registry.terraform.io/huaweicloud/huaweicloud\"]",
      "instances": [
        {
          "schema_version": 0,
          "attributes": {
            "availability_zone": "",
            "cidr": "172.16.10.0/24",
            "description": "",
            "dhcp_enable": true,
            "dns_list": [
              "100.125.1.250",
              "100.125.3.250"
            ],
            "gateway_ip": "172.16.10.1",
            "id": "64a69fc9-3224-4053-8d63-681ed223eaf4",
            "ipv4_subnet_id": "390da441-531d-4c93-9293-4bc31b4639d9",
            "ipv6_cidr": "",
            "ipv6_enable": false,
            "ipv6_gateway": "",
            "ipv6_subnet_id": "",
            "name": "terraform_subnet_basic",
            "primary_dns": "100.125.1.250",
            "region": "cn-south-1",
            "secondary_dns": "100.125.3.250",
            "subnet_id": "390da441-531d-4c93-9293-4bc31b4639d9",
            "tags": {},
            "timeouts": null,
            "vpc_id": "0bbe5c9a-6f20-49b3-a137-c8a0d11ebdda"
          },
          "sensitive_attributes": [],
          "private": "eyJlMmJmYjczMC1lY2FhLTExZTYtOGY4OC0zNDM2M2JjN2M0YzAiOnsiY3JlYXRlIjozMDAwMDAwMDAwMDAsImRlbGV0ZSI6MzAwMDAwMDAwMDAwfX0=",
          "dependencies": [
            "huaweicloud_vpc.vpc_basic"
          ]
        }
      ]
    }
  ],
  "check_results": []
}
