{
  "version": 4,
  "terraform_version": "1.3.0",
  "serial": 35,
  "lineage": "36091cd5-79c4-4a9d-11fb-f2fc8d83a17c",
  "outputs": {
    "myaz1": {
      "value": "cn-south-1c",
      "type": "string"
    },
    "myaz2": {
      "value": "cn-south-1e",
      "type": "string"
    },
    "myaz3": {
      "value": "cn-south-1a",
      "type": "string"
    },
    "vpc_id": {
      "value": "db1f78e0-0a6c-42dc-8b6b-50efd7917d8e",
      "type": "string"
    }
  },
  "resources": [
    {
      "mode": "data",
      "type": "huaweicloud_availability_zones",
      "name": "myaz",
      "provider": "provider[\"registry.terraform.io/huaweicloud/huaweicloud\"]",
      "instances": [
        {
          "schema_version": 0,
          "attributes": {
            "id": "3949983962",
            "names": [
              "cn-south-1a",
              "cn-south-1c",
              "cn-south-1e",
              "cn-south-1f",
              "cn-south-2b"
            ],
            "region": null,
            "state": "available"
          },
          "sensitive_attributes": []
        }
      ]
    },
    {
      "mode": "data",
      "type": "huaweicloud_compute_flavors",
      "name": "myflavor",
      "provider": "provider[\"registry.terraform.io/huaweicloud/huaweicloud\"]",
      "instances": [
        {
          "schema_version": 0,
          "attributes": {
            "availability_zone": "cn-south-1e",
            "cpu_core_count": 1,
            "generation": null,
            "id": "3035409187",
            "ids": [
              "s6.small.1"
            ],
            "memory_size": 1,
            "performance_type": "normal",
            "region": "cn-south-1"
          },
          "sensitive_attributes": []
        }
      ]
    },
    {
      "mode": "data",
      "type": "huaweicloud_images_image",
      "name": "myimage",
      "provider": "provider[\"registry.terraform.io/huaweicloud/huaweicloud\"]",
      "instances": [
        {
          "schema_version": 0,
          "attributes": {
            "architecture": null,
            "checksum": "d41d8cd98f00b204e9800998ecf8427e",
            "container_format": "bare",
            "created_at": "2018-09-28T14:48:41Z",
            "disk_format": "zvhd2",
            "enterprise_project_id": "",
            "file": "/v2/images/c5a4dd31-38df-447f-8363-1085c03cb3f1/file",
            "flavor_id": null,
            "id": "c5a4dd31-38df-447f-8363-1085c03cb3f1",
            "image_type": "FusionCompute",
            "metadata": null,
            "min_disk_gb": 40,
            "min_ram_mb": 1024,
            "most_recent": true,
            "name": "Ubuntu 18.04 server 64bit",
            "name_regex": null,
            "os": "Ubuntu",
            "os_version": "Ubuntu 18.04 server 64bit",
            "owner": "87f6e34660d347e3a1f89d4f05f0dc02",
            "protected": true,
            "region": null,
            "schema": "/v2/schemas/image",
            "size_bytes": 2064588800,
            "size_max": null,
            "size_min": null,
            "sort_direction": "asc",
            "sort_key": "name",
            "status": "active",
            "tag": null,
            "updated_at": "2022-11-15T09:04:58Z",
            "visibility": "public"
          },
          "sensitive_attributes": []
        }
      ]
    },
    {
      "mode": "managed",
      "type": "huaweicloud_compute_instance",
      "name": "basic",
      "provider": "provider[\"registry.terraform.io/huaweicloud/huaweicloud\"]",
      "instances": [
        {
          "schema_version": 0,
          "attributes": {
            "access_ip_v4": "172.16.10.166",
            "access_ip_v6": "",
            "admin_pass": "Oc1234@@",
            "agency_name": "",
            "agent_list": "",
            "auto_pay": null,
            "auto_renew": null,
            "availability_zone": "cn-south-1e",
            "bandwidth": [],
            "block_device": [],
            "charging_mode": "postPaid",
            "created_at": "2023-03-12T14:25:10Z",
            "data_disks": [],
            "delete_disks_on_termination": null,
            "delete_eip_on_termination": true,
            "description": "",
            "eip_id": null,
            "eip_type": null,
            "enterprise_project_id": "0",
            "flavor_id": "s6.small.1",
            "flavor_name": "s6.small.1",
            "id": "8fef4b78-89fc-4ff4-9c2b-5a069cdc9e19",
            "image_id": "c5a4dd31-38df-447f-8363-1085c03cb3f1",
            "image_name": "Ubuntu 18.04 server 64bit",
            "key_pair": null,
            "metadata": null,
            "name": "terraform_ecs_test_oc",
            "network": [
              {
                "access_network": false,
                "fixed_ip_v4": "172.16.10.166",
                "fixed_ip_v6": "",
                "ipv6_enable": false,
                "mac": "fa:16:3e:9e:98:34",
                "port": "3e4f1aa3-e49e-4843-a016-63131a155d15",
                "source_dest_check": true,
                "uuid": "7c7b9f3f-dc8d-43f0-99e9-9fec0ef6b0ce"
              }
            ],
            "period": null,
            "period_unit": null,
            "power_action": null,
            "private_key": null,
            "public_ip": null,
            "region": "cn-south-1",
            "scheduler_hints": [],
            "security_group_ids": [
              "e808d99a-1673-476d-ba3e-bba0def3761d"
            ],
            "security_groups": [
              "secgroup-basic"
            ],
            "spot_duration": null,
            "spot_duration_count": null,
            "spot_maximum_price": null,
            "status": "ACTIVE",
            "stop_before_destroy": false,
            "system_disk_id": "59800c6c-0604-4ddf-9825-db781dfe1a39",
            "system_disk_size": 40,
            "system_disk_type": "GPSSD",
            "tags": null,
            "timeouts": null,
            "updated_at": "2023-03-12T14:25:26Z",
            "user_data": null,
            "user_id": null,
            "volume_attached": [
              {
                "boot_index": 0,
                "kms_key_id": "",
                "pci_address": "0000:02:01.0",
                "size": 40,
                "type": "GPSSD",
                "volume_id": "59800c6c-0604-4ddf-9825-db781dfe1a39"
              }
            ]
          },
          "sensitive_attributes": [],
          "private": "eyJlMmJmYjczMC1lY2FhLTExZTYtOGY4OC0zNDM2M2JjN2M0YzAiOnsiY3JlYXRlIjoxODAwMDAwMDAwMDAwLCJkZWxldGUiOjE4MDAwMDAwMDAwMDAsInVwZGF0ZSI6MTgwMDAwMDAwMDAwMH19",
          "dependencies": [
            "data.huaweicloud_images_image.myimage",
            "huaweicloud_networking_secgroup.secgroup_1",
            "huaweicloud_vpc.vpc_basic",
            "huaweicloud_vpc_subnet.subnet_basic"
          ]
        }
      ]
    },
    {
      "mode": "managed",
      "type": "huaweicloud_networking_secgroup",
      "name": "secgroup_1",
      "provider": "provider[\"registry.terraform.io/huaweicloud/huaweicloud\"]",
      "instances": [
        {
          "schema_version": 0,
          "attributes": {
            "created_at": "2023-03-12T14:24:44Z",
            "delete_default_rules": null,
            "description": "basic security group",
            "enterprise_project_id": "0",
            "id": "e808d99a-1673-476d-ba3e-bba0def3761d",
            "name": "secgroup-basic",
            "region": "cn-south-1",
            "rules": [
              {
                "action": "allow",
                "description": "",
                "direction": "egress",
                "ethertype": "IPv6",
                "id": "ddc579ea-e8ca-405f-8a19-11dbb288a68b",
                "port_range_max": 0,
                "port_range_min": 0,
                "ports": "",
                "priority": 100,
                "protocol": "",
                "remote_address_group_id": "",
                "remote_group_id": "",
                "remote_ip_prefix": ""
              },
              {
                "action": "allow",
                "description": "",
                "direction": "ingress",
                "ethertype": "IPv4",
                "id": "60488b5c-37d5-4370-a94c-8d8b0e65dd3b",
                "port_range_max": 0,
                "port_range_min": 0,
                "ports": "",
                "priority": 100,
                "protocol": "",
                "remote_address_group_id": "",
                "remote_group_id": "e808d99a-1673-476d-ba3e-bba0def3761d",
                "remote_ip_prefix": ""
              },
              {
                "action": "allow",
                "description": "",
                "direction": "ingress",
                "ethertype": "IPv6",
                "id": "3c56f72d-ea55-4203-8e1c-f7c99d899638",
                "port_range_max": 0,
                "port_range_min": 0,
                "ports": "",
                "priority": 100,
                "protocol": "",
                "remote_address_group_id": "",
                "remote_group_id": "e808d99a-1673-476d-ba3e-bba0def3761d",
                "remote_ip_prefix": ""
              },
              {
                "action": "allow",
                "description": "",
                "direction": "egress",
                "ethertype": "IPv4",
                "id": "750230fe-8698-4d9c-9127-3799e84033c8",
                "port_range_max": 0,
                "port_range_min": 0,
                "ports": "",
                "priority": 100,
                "protocol": "",
                "remote_address_group_id": "",
                "remote_group_id": "",
                "remote_ip_prefix": ""
              }
            ],
            "timeouts": null,
            "updated_at": "2023-03-12T14:24:45Z"
          },
          "sensitive_attributes": [],
          "private": "eyJlMmJmYjczMC1lY2FhLTExZTYtOGY4OC0zNDM2M2JjN2M0YzAiOnsiZGVsZXRlIjo2MDAwMDAwMDAwMDB9fQ=="
        }
      ]
    },
    {
      "mode": "managed",
      "type": "huaweicloud_networking_secgroup_rule",
      "name": "allow_https",
      "provider": "provider[\"registry.terraform.io/huaweicloud/huaweicloud\"]",
      "instances": [
        {
          "schema_version": 0,
          "attributes": {
            "action": "allow",
            "description": "",
            "direction": "ingress",
            "ethertype": "IPv4",
            "id": "74578524-58ec-4e6f-9324-6667d82db623",
            "port_range_max": 443,
            "port_range_min": 443,
            "ports": "443",
            "priority": 1,
            "protocol": "tcp",
            "region": "cn-south-1",
            "remote_address_group_id": "",
            "remote_group_id": "",
            "remote_ip_prefix": "0.0.0.0/0",
            "security_group_id": "e808d99a-1673-476d-ba3e-bba0def3761d",
            "timeouts": null
          },
          "sensitive_attributes": [],
          "private": "eyJlMmJmYjczMC1lY2FhLTExZTYtOGY4OC0zNDM2M2JjN2M0YzAiOnsiZGVsZXRlIjo2MDAwMDAwMDAwMDB9fQ==",
          "dependencies": [
            "huaweicloud_networking_secgroup.secgroup_1"
          ]
        }
      ]
    },
    {
      "mode": "managed",
      "type": "huaweicloud_networking_secgroup_rule",
      "name": "allow_ping",
      "provider": "provider[\"registry.terraform.io/huaweicloud/huaweicloud\"]",
      "instances": [
        {
          "schema_version": 0,
          "attributes": {
            "action": "allow",
            "description": "",
            "direction": "ingress",
            "ethertype": "IPv4",
            "id": "578ea975-d54b-4705-be96-d81daf9ed6e6",
            "port_range_max": 0,
            "port_range_min": 0,
            "ports": "",
            "priority": 1,
            "protocol": "icmp",
            "region": "cn-south-1",
            "remote_address_group_id": "",
            "remote_group_id": "",
            "remote_ip_prefix": "0.0.0.0/0",
            "security_group_id": "e808d99a-1673-476d-ba3e-bba0def3761d",
            "timeouts": null
          },
          "sensitive_attributes": [],
          "private": "eyJlMmJmYjczMC1lY2FhLTExZTYtOGY4OC0zNDM2M2JjN2M0YzAiOnsiZGVsZXRlIjo2MDAwMDAwMDAwMDB9fQ==",
          "dependencies": [
            "huaweicloud_networking_secgroup.secgroup_1"
          ]
        }
      ]
    },
    {
      "mode": "managed",
      "type": "huaweicloud_vpc",
      "name": "vpc_basic",
      "provider": "provider[\"registry.terraform.io/huaweicloud/huaweicloud\"]",
      "instances": [
        {
          "schema_version": 0,
          "attributes": {
            "cidr": "172.16.10.0/24",
            "description": "",
            "enterprise_project_id": "0",
            "id": "db1f78e0-0a6c-42dc-8b6b-50efd7917d8e",
            "name": "terraform_vpc_basic",
            "region": "cn-south-1",
            "routes": [],
            "secondary_cidr": null,
            "status": "OK",
            "tags": null,
            "timeouts": null
          },
          "sensitive_attributes": [],
          "private": "eyJlMmJmYjczMC1lY2FhLTExZTYtOGY4OC0zNDM2M2JjN2M0YzAiOnsiY3JlYXRlIjo2MDAwMDAwMDAwMDAsImRlbGV0ZSI6MTgwMDAwMDAwMDAwfX0="
        }
      ]
    },
    {
      "mode": "managed",
      "type": "huaweicloud_vpc_subnet",
      "name": "subnet_basic",
      "provider": "provider[\"registry.terraform.io/huaweicloud/huaweicloud\"]",
      "instances": [
        {
          "schema_version": 0,
          "attributes": {
            "availability_zone": "",
            "cidr": "172.16.10.0/24",
            "description": "",
            "dhcp_enable": true,
            "dns_list": [
              "100.125.1.250",
              "100.125.3.250"
            ],
            "gateway_ip": "172.16.10.1",
            "id": "7c7b9f3f-dc8d-43f0-99e9-9fec0ef6b0ce",
            "ipv4_subnet_id": "3accb330-1194-4660-a29f-e4dce8ee0ab3",
            "ipv6_cidr": "",
            "ipv6_enable": false,
            "ipv6_gateway": "",
            "ipv6_subnet_id": "",
            "name": "terraform_subnet_basic",
            "primary_dns": "100.125.1.250",
            "region": "cn-south-1",
            "secondary_dns": "100.125.3.250",
            "subnet_id": "3accb330-1194-4660-a29f-e4dce8ee0ab3",
            "tags": null,
            "timeouts": null,
            "vpc_id": "db1f78e0-0a6c-42dc-8b6b-50efd7917d8e"
          },
          "sensitive_attributes": [],
          "private": "eyJlMmJmYjczMC1lY2FhLTExZTYtOGY4OC0zNDM2M2JjN2M0YzAiOnsiY3JlYXRlIjozMDAwMDAwMDAwMDAsImRlbGV0ZSI6MzAwMDAwMDAwMDAwfX0=",
          "dependencies": [
            "huaweicloud_vpc.vpc_basic"
          ]
        }
      ]
    },
    {
      "mode": "managed",
      "type": "random_password",
      "name": "password",
      "provider": "provider[\"registry.terraform.io/hashicorp/random\"]",
      "instances": [
        {
          "schema_version": 3,
          "attributes": {
            "bcrypt_hash": "$2a$10$FUIhtgJ4vMmPrDENp80OeOLjlDOoiE/eMo7gATtdO0nGrVwhXIpwO",
            "id": "none",
            "keepers": null,
            "length": 16,
            "lower": true,
            "min_lower": 0,
            "min_numeric": 0,
            "min_special": 0,
            "min_upper": 0,
            "number": true,
            "numeric": true,
            "override_special": "!@#$%*",
            "result": "C$a%PnLtH$%BhZ!f",
            "special": true,
            "upper": true
          },
          "sensitive_attributes": []
        }
      ]
    }
  ],
  "check_results": []
}
