{
  "version": 4,
  "terraform_version": "1.3.0",
  "serial": 76,
  "lineage": "88a70aa6-faa8-2ff2-8da0-baa36ae8ba98",
  "outputs": {
    "myaz1": {
      "value": "cn-south-1c",
      "type": "string"
    },
    "myaz2": {
      "value": "cn-south-1e",
      "type": "string"
    },
    "myaz3": {
      "value": "cn-south-1f",
      "type": "string"
    },
    "vpc_id": {
      "value": "0bbe5c9a-6f20-49b3-a137-c8a0d11ebdda",
      "type": "string"
    }
  },
  "resources": [
    {
      "mode": "data",
      "type": "huaweicloud_availability_zones",
      "name": "myaz",
      "provider": "provider[\"registry.terraform.io/huaweicloud/huaweicloud\"]",
      "instances": [
        {
          "schema_version": 0,
          "attributes": {
            "id": "3949983962",
            "names": [
              "cn-south-1a",
              "cn-south-1c",
              "cn-south-1e",
              "cn-south-1f",
              "cn-south-2b"
            ],
            "region": null,
            "state": "available"
          },
          "sensitive_attributes": []
        }
      ]
    },
    {
      "mode": "data",
      "type": "huaweicloud_compute_flavors",
      "name": "myflavor",
      "provider": "provider[\"registry.terraform.io/huaweicloud/huaweicloud\"]",
      "instances": [
        {
          "schema_version": 0,
          "attributes": {
            "availability_zone": "cn-south-1e",
            "cpu_core_count": 1,
            "generation": null,
            "id": "3035409187",
            "ids": [
              "s6.small.1"
            ],
            "memory_size": 1,
            "performance_type": "normal",
            "region": "cn-south-1"
          },
          "sensitive_attributes": []
        }
      ]
    },
    {
      "mode": "data",
      "type": "huaweicloud_images_image",
      "name": "myimage",
      "provider": "provider[\"registry.terraform.io/huaweicloud/huaweicloud\"]",
      "instances": [
        {
          "schema_version": 0,
          "attributes": {
            "architecture": null,
            "checksum": "d41d8cd98f00b204e9800998ecf8427e",
            "container_format": "bare",
            "created_at": "2018-09-28T14:48:41Z",
            "disk_format": "zvhd2",
            "enterprise_project_id": "",
            "file": "/v2/images/c5a4dd31-38df-447f-8363-1085c03cb3f1/file",
            "flavor_id": null,
            "id": "c5a4dd31-38df-447f-8363-1085c03cb3f1",
            "image_type": "FusionCompute",
            "metadata": null,
            "min_disk_gb": 40,
            "min_ram_mb": 1024,
            "most_recent": true,
            "name": "Ubuntu 18.04 server 64bit",
            "name_regex": null,
            "os": "Ubuntu",
            "os_version": "Ubuntu 18.04 server 64bit",
            "owner": "87f6e34660d347e3a1f89d4f05f0dc02",
            "protected": true,
            "region": null,
            "schema": "/v2/schemas/image",
            "size_bytes": 2064588800,
            "size_max": null,
            "size_min": null,
            "sort_direction": "asc",
            "sort_key": "name",
            "status": "active",
            "tag": null,
            "updated_at": "2022-11-15T09:04:58Z",
            "visibility": "public"
          },
          "sensitive_attributes": []
        }
      ]
    },
    {
      "mode": "managed",
      "type": "huaweicloud_compute_instance",
      "name": "basic",
      "provider": "provider[\"registry.terraform.io/huaweicloud/huaweicloud\"]",
      "instances": [
        {
          "index_key": "terraform_ecs1",
          "schema_version": 0,
          "attributes": {
            "access_ip_v4": "172.16.10.136",
            "access_ip_v6": "",
            "admin_pass": "Oc1234@@",
            "agency_name": "",
            "agent_list": "",
            "auto_pay": null,
            "auto_renew": null,
            "availability_zone": "cn-south-1c",
            "bandwidth": [],
            "block_device": [],
            "charging_mode": "postPaid",
            "created_at": "2023-02-27T04:04:35Z",
            "data_disks": [],
            "delete_disks_on_termination": null,
            "delete_eip_on_termination": true,
            "eip_id": null,
            "eip_type": null,
            "enterprise_project_id": "0",
            "flavor_id": "s6.small.1",
            "flavor_name": "s6.small.1",
            "id": "e58afa01-73aa-4cc7-88aa-2a428180e72f",
            "image_id": "c5a4dd31-38df-447f-8363-1085c03cb3f1",
            "image_name": "Ubuntu 18.04 server 64bit",
            "key_pair": null,
            "metadata": null,
            "name": "terraform_ecs1",
            "network": [
              {
                "access_network": false,
                "fixed_ip_v4": "172.16.10.136",
                "fixed_ip_v6": "",
                "ipv6_enable": false,
                "mac": "fa:16:3e:ea:e4:62",
                "port": "6be90765-a902-4d00-98af-ae532e93edcf",
                "source_dest_check": true,
                "uuid": "64a69fc9-3224-4053-8d63-681ed223eaf4"
              }
            ],
            "period": null,
            "period_unit": null,
            "power_action": null,
            "private_key": null,
            "public_ip": null,
            "region": "cn-south-1",
            "scheduler_hints": [],
            "security_group_ids": [
              "8d050d86-20ae-45ed-9119-b9f8b741280c"
            ],
            "security_groups": [
              "secgroup-basic"
            ],
            "spot_duration": null,
            "spot_duration_count": null,
            "spot_maximum_price": null,
            "status": "ACTIVE",
            "stop_before_destroy": false,
            "system_disk_id": "b80899e7-2272-4150-bf46-1410f9e5d7b7",
            "system_disk_size": 40,
            "system_disk_type": "GPSSD",
            "tags": null,
            "timeouts": null,
            "updated_at": "2023-02-27T04:04:55Z",
            "user_data": null,
            "user_id": null,
            "volume_attached": [
              {
                "boot_index": 0,
                "pci_address": "0000:02:01.0",
                "size": 40,
                "type": "GPSSD",
                "volume_id": "b80899e7-2272-4150-bf46-1410f9e5d7b7"
              }
            ]
          },
          "sensitive_attributes": [],
          "private": "eyJlMmJmYjczMC1lY2FhLTExZTYtOGY4OC0zNDM2M2JjN2M0YzAiOnsiY3JlYXRlIjoxODAwMDAwMDAwMDAwLCJkZWxldGUiOjE4MDAwMDAwMDAwMDAsInVwZGF0ZSI6MTgwMDAwMDAwMDAwMH19",
          "dependencies": [
            "data.huaweicloud_images_image.myimage",
            "huaweicloud_vpc.vpc_basic",
            "huaweicloud_vpc_subnet.subnet_basic"
          ]
        },
        {
          "index_key": "terraform_ecs2",
          "schema_version": 0,
          "attributes": {
            "access_ip_v4": "172.16.10.143",
            "access_ip_v6": "",
            "admin_pass": "Oc1234@@",
            "agency_name": "",
            "agent_list": "",
            "auto_pay": null,
            "auto_renew": null,
            "availability_zone": "cn-south-1e",
            "bandwidth": [],
            "block_device": [],
            "charging_mode": "postPaid",
            "created_at": "2023-02-27T04:04:35Z",
            "data_disks": [],
            "delete_disks_on_termination": null,
            "delete_eip_on_termination": true,
            "eip_id": null,
            "eip_type": null,
            "enterprise_project_id": "0",
            "flavor_id": "s6.medium.2",
            "flavor_name": "s6.medium.2",
            "id": "d08013b6-1002-4b7e-a0cc-d25b08540a97",
            "image_id": "c5a4dd31-38df-447f-8363-1085c03cb3f1",
            "image_name": "Ubuntu 18.04 server 64bit",
            "key_pair": null,
            "metadata": null,
            "name": "terraform_ecs2",
            "network": [
              {
                "access_network": false,
                "fixed_ip_v4": "172.16.10.143",
                "fixed_ip_v6": "",
                "ipv6_enable": false,
                "mac": "fa:16:3e:ea:e4:69",
                "port": "21e1c742-f0b3-44a1-a2fd-d6b88ad1608e",
                "source_dest_check": true,
                "uuid": "64a69fc9-3224-4053-8d63-681ed223eaf4"
              }
            ],
            "period": null,
            "period_unit": null,
            "power_action": null,
            "private_key": null,
            "public_ip": null,
            "region": "cn-south-1",
            "scheduler_hints": [],
            "security_group_ids": [
              "8d050d86-20ae-45ed-9119-b9f8b741280c"
            ],
            "security_groups": [
              "secgroup-basic"
            ],
            "spot_duration": null,
            "spot_duration_count": null,
            "spot_maximum_price": null,
            "status": "ACTIVE",
            "stop_before_destroy": false,
            "system_disk_id": "28875694-9787-4c81-988c-feb1b375c2bc",
            "system_disk_size": 40,
            "system_disk_type": "GPSSD",
            "tags": null,
            "timeouts": null,
            "updated_at": "2023-02-27T04:05:35Z",
            "user_data": null,
            "user_id": null,
            "volume_attached": [
              {
                "boot_index": 0,
                "pci_address": "0000:02:01.0",
                "size": 40,
                "type": "GPSSD",
                "volume_id": "28875694-9787-4c81-988c-feb1b375c2bc"
              }
            ]
          },
          "sensitive_attributes": [],
          "private": "eyJlMmJmYjczMC1lY2FhLTExZTYtOGY4OC0zNDM2M2JjN2M0YzAiOnsiY3JlYXRlIjoxODAwMDAwMDAwMDAwLCJkZWxldGUiOjE4MDAwMDAwMDAwMDAsInVwZGF0ZSI6MTgwMDAwMDAwMDAwMH19",
          "dependencies": [
            "data.huaweicloud_images_image.myimage",
            "huaweicloud_vpc.vpc_basic",
            "huaweicloud_vpc_subnet.subnet_basic"
          ]
        },
        {
          "index_key": "terraform_ecs3",
          "schema_version": 0,
          "attributes": {
            "access_ip_v4": "172.16.10.67",
            "access_ip_v6": "",
            "admin_pass": "Oc1234@@",
            "agency_name": "",
            "agent_list": "",
            "auto_pay": null,
            "auto_renew": null,
            "availability_zone": "cn-south-1f",
            "bandwidth": [],
            "block_device": [],
            "charging_mode": "postPaid",
            "created_at": "2023-02-27T04:04:35Z",
            "data_disks": [],
            "delete_disks_on_termination": null,
            "delete_eip_on_termination": true,
            "eip_id": null,
            "eip_type": null,
            "enterprise_project_id": "0",
            "flavor_id": "s6.medium.4",
            "flavor_name": "s6.medium.4",
            "id": "7c29c4b3-85f2-4812-8451-27c7dc5d077c",
            "image_id": "c5a4dd31-38df-447f-8363-1085c03cb3f1",
            "image_name": "Ubuntu 18.04 server 64bit",
            "key_pair": null,
            "metadata": null,
            "name": "terraform_ecs3",
            "network": [
              {
                "access_network": false,
                "fixed_ip_v4": "172.16.10.67",
                "fixed_ip_v6": "",
                "ipv6_enable": false,
                "mac": "fa:16:3e:ea:e4:1d",
                "port": "b70cdedf-0a08-4384-be19-aab3d0692762",
                "source_dest_check": true,
                "uuid": "64a69fc9-3224-4053-8d63-681ed223eaf4"
              }
            ],
            "period": null,
            "period_unit": null,
            "power_action": null,
            "private_key": null,
            "public_ip": null,
            "region": "cn-south-1",
            "scheduler_hints": [],
            "security_group_ids": [
              "8d050d86-20ae-45ed-9119-b9f8b741280c"
            ],
            "security_groups": [
              "secgroup-basic"
            ],
            "spot_duration": null,
            "spot_duration_count": null,
            "spot_maximum_price": null,
            "status": "ACTIVE",
            "stop_before_destroy": false,
            "system_disk_id": "06223236-e78d-4c8e-bf18-26b869f0ecdd",
            "system_disk_size": 40,
            "system_disk_type": "GPSSD",
            "tags": null,
            "timeouts": null,
            "updated_at": "2023-02-27T04:04:51Z",
            "user_data": null,
            "user_id": null,
            "volume_attached": [
              {
                "boot_index": 0,
                "pci_address": "0000:02:01.0",
                "size": 40,
                "type": "GPSSD",
                "volume_id": "06223236-e78d-4c8e-bf18-26b869f0ecdd"
              }
            ]
          },
          "sensitive_attributes": [],
          "private": "eyJlMmJmYjczMC1lY2FhLTExZTYtOGY4OC0zNDM2M2JjN2M0YzAiOnsiY3JlYXRlIjoxODAwMDAwMDAwMDAwLCJkZWxldGUiOjE4MDAwMDAwMDAwMDAsInVwZGF0ZSI6MTgwMDAwMDAwMDAwMH19",
          "dependencies": [
            "data.huaweicloud_images_image.myimage",
            "huaweicloud_vpc.vpc_basic",
            "huaweicloud_vpc_subnet.subnet_basic"
          ]
        }
      ]
    },
    {
      "mode": "managed",
      "type": "huaweicloud_networking_secgroup",
      "name": "secgroup_1",
      "provider": "provider[\"registry.terraform.io/huaweicloud/huaweicloud\"]",
      "instances": [
        {
          "schema_version": 0,
          "attributes": {
            "created_at": "2023-02-27T04:04:14Z",
            "delete_default_rules": null,
            "description": "basic security group",
            "enterprise_project_id": "0",
            "id": "8d050d86-20ae-45ed-9119-b9f8b741280c",
            "name": "secgroup-basic",
            "region": "cn-south-1",
            "rules": [
              {
                "action": "allow",
                "description": "",
                "direction": "egress",
                "ethertype": "IPv6",
                "id": "818f3376-cda7-4d61-b2e9-be3b4989d2e7",
                "port_range_max": 0,
                "port_range_min": 0,
                "ports": "",
                "priority": 100,
                "protocol": "",
                "remote_address_group_id": "",
                "remote_group_id": "",
                "remote_ip_prefix": ""
              },
              {
                "action": "allow",
                "description": "",
                "direction": "egress",
                "ethertype": "IPv4",
                "id": "3908bc2a-7bee-4e09-9fc5-10b5ab0ef0aa",
                "port_range_max": 0,
                "port_range_min": 0,
                "ports": "",
                "priority": 100,
                "protocol": "",
                "remote_address_group_id": "",
                "remote_group_id": "",
                "remote_ip_prefix": ""
              },
              {
                "action": "allow",
                "description": "",
                "direction": "ingress",
                "ethertype": "IPv4",
                "id": "e4dfedff-1c70-46fa-88b4-86806cc31501",
                "port_range_max": 0,
                "port_range_min": 0,
                "ports": "",
                "priority": 100,
                "protocol": "",
                "remote_address_group_id": "",
                "remote_group_id": "8d050d86-20ae-45ed-9119-b9f8b741280c",
                "remote_ip_prefix": ""
              },
              {
                "action": "allow",
                "description": "",
                "direction": "ingress",
                "ethertype": "IPv6",
                "id": "3c4e869f-48eb-490c-8c98-4d92d01e084a",
                "port_range_max": 0,
                "port_range_min": 0,
                "ports": "",
                "priority": 100,
                "protocol": "",
                "remote_address_group_id": "",
                "remote_group_id": "8d050d86-20ae-45ed-9119-b9f8b741280c",
                "remote_ip_prefix": ""
              }
            ],
            "timeouts": null,
            "updated_at": "2023-02-27T04:04:14Z"
          },
          "sensitive_attributes": [],
          "private": "eyJlMmJmYjczMC1lY2FhLTExZTYtOGY4OC0zNDM2M2JjN2M0YzAiOnsiZGVsZXRlIjo2MDAwMDAwMDAwMDB9fQ=="
        }
      ]
    },
    {
      "mode": "managed",
      "type": "huaweicloud_networking_secgroup_rule",
      "name": "allow_https",
      "provider": "provider[\"registry.terraform.io/huaweicloud/huaweicloud\"]",
      "instances": [
        {
          "schema_version": 0,
          "attributes": {
            "action": "allow",
            "description": "",
            "direction": "ingress",
            "ethertype": "IPv4",
            "id": "7e3a0fe9-b76c-4501-afbc-bf83a91b74bb",
            "port_range_max": 443,
            "port_range_min": 443,
            "ports": "443",
            "priority": 1,
            "protocol": "tcp",
            "region": "cn-south-1",
            "remote_address_group_id": "",
            "remote_group_id": "",
            "remote_ip_prefix": "0.0.0.0/0",
            "security_group_id": "8d050d86-20ae-45ed-9119-b9f8b741280c",
            "timeouts": null
          },
          "sensitive_attributes": [],
          "private": "eyJlMmJmYjczMC1lY2FhLTExZTYtOGY4OC0zNDM2M2JjN2M0YzAiOnsiZGVsZXRlIjo2MDAwMDAwMDAwMDB9fQ==",
          "dependencies": [
            "huaweicloud_networking_secgroup.secgroup_1"
          ]
        }
      ]
    },
    {
      "mode": "managed",
      "type": "huaweicloud_networking_secgroup_rule",
      "name": "allow_ping",
      "provider": "provider[\"registry.terraform.io/huaweicloud/huaweicloud\"]",
      "instances": [
        {
          "schema_version": 0,
          "attributes": {
            "action": "allow",
            "description": "",
            "direction": "ingress",
            "ethertype": "IPv4",
            "id": "d6aad1df-b3f4-42aa-b1dd-8e66d8b15005",
            "port_range_max": 0,
            "port_range_min": 0,
            "ports": "",
            "priority": 1,
            "protocol": "icmp",
            "region": "cn-south-1",
            "remote_address_group_id": "",
            "remote_group_id": "",
            "remote_ip_prefix": "0.0.0.0/0",
            "security_group_id": "8d050d86-20ae-45ed-9119-b9f8b741280c",
            "timeouts": null
          },
          "sensitive_attributes": [],
          "private": "eyJlMmJmYjczMC1lY2FhLTExZTYtOGY4OC0zNDM2M2JjN2M0YzAiOnsiZGVsZXRlIjo2MDAwMDAwMDAwMDB9fQ==",
          "dependencies": [
            "huaweicloud_networking_secgroup.secgroup_1"
          ]
        }
      ]
    },
    {
      "mode": "managed",
      "type": "huaweicloud_vpc",
      "name": "vpc_basic",
      "provider": "provider[\"registry.terraform.io/huaweicloud/huaweicloud\"]",
      "instances": [
        {
          "schema_version": 0,
          "attributes": {
            "cidr": "172.16.10.0/24",
            "description": "",
            "enterprise_project_id": "0",
            "id": "0bbe5c9a-6f20-49b3-a137-c8a0d11ebdda",
            "name": "terraform_vpc_basic",
            "region": "cn-south-1",
            "routes": [],
            "secondary_cidr": null,
            "status": "OK",
            "tags": null,
            "timeouts": null
          },
          "sensitive_attributes": [],
          "private": "eyJlMmJmYjczMC1lY2FhLTExZTYtOGY4OC0zNDM2M2JjN2M0YzAiOnsiY3JlYXRlIjo2MDAwMDAwMDAwMDAsImRlbGV0ZSI6MTgwMDAwMDAwMDAwfX0="
        }
      ]
    },
    {
      "mode": "managed",
      "type": "huaweicloud_vpc_subnet",
      "name": "subnet_basic",
      "provider": "provider[\"registry.terraform.io/huaweicloud/huaweicloud\"]",
      "instances": [
        {
          "schema_version": 0,
          "attributes": {
            "availability_zone": "",
            "cidr": "172.16.10.0/24",
            "description": "",
            "dhcp_enable": true,
            "dns_list": [
              "100.125.1.250",
              "100.125.3.250"
            ],
            "gateway_ip": "172.16.10.1",
            "id": "64a69fc9-3224-4053-8d63-681ed223eaf4",
            "ipv4_subnet_id": "390da441-531d-4c93-9293-4bc31b4639d9",
            "ipv6_cidr": "",
            "ipv6_enable": false,
            "ipv6_gateway": "",
            "ipv6_subnet_id": "",
            "name": "terraform_subnet_basic",
            "primary_dns": "100.125.1.250",
            "region": "cn-south-1",
            "secondary_dns": "100.125.3.250",
            "subnet_id": "390da441-531d-4c93-9293-4bc31b4639d9",
            "tags": null,
            "timeouts": null,
            "vpc_id": "0bbe5c9a-6f20-49b3-a137-c8a0d11ebdda"
          },
          "sensitive_attributes": [],
          "private": "eyJlMmJmYjczMC1lY2FhLTExZTYtOGY4OC0zNDM2M2JjN2M0YzAiOnsiY3JlYXRlIjozMDAwMDAwMDAwMDAsImRlbGV0ZSI6MzAwMDAwMDAwMDAwfX0=",
          "dependencies": [
            "huaweicloud_vpc.vpc_basic"
          ]
        }
      ]
    },
    {
      "mode": "managed",
      "type": "random_password",
      "name": "password",
      "provider": "provider[\"registry.terraform.io/hashicorp/random\"]",
      "instances": [
        {
          "schema_version": 3,
          "attributes": {
            "bcrypt_hash": "$2a$10$u07mMBtnIn6l.M0pOd0gRu71lR2.ujSR2cDQmu5.Wxtd6DW3.7NG2",
            "id": "none",
            "keepers": null,
            "length": 16,
            "lower": true,
            "min_lower": 0,
            "min_numeric": 0,
            "min_special": 0,
            "min_upper": 0,
            "number": true,
            "numeric": true,
            "override_special": "!@#$%*",
            "result": "FJXoc1q0fZf$xae!",
            "special": true,
            "upper": true
          },
          "sensitive_attributes": []
        }
      ]
    }
  ],
  "check_results": []
}
