{
  "version": 4,
  "terraform_version": "1.3.0",
  "serial": 726,
  "lineage": "36091cd5-79c4-4a9d-11fb-f2fc8d83a17c",
  "outputs": {},
  "resources": [
    {
      "mode": "data",
      "type": "huaweicloud_availability_zones",
      "name": "myaz",
      "provider": "provider[\"registry.terraform.io/huaweicloud/huaweicloud\"]",
      "instances": [
        {
          "schema_version": 0,
          "attributes": {
            "id": "3949983962",
            "names": [
              "cn-south-1a",
              "cn-south-1c",
              "cn-south-1e",
              "cn-south-1f",
              "cn-south-2b"
            ],
            "region": null,
            "state": "available"
          },
          "sensitive_attributes": []
        }
      ]
    },
    {
      "mode": "data",
      "type": "huaweicloud_compute_flavors",
      "name": "myflavor",
      "provider": "provider[\"registry.terraform.io/huaweicloud/huaweicloud\"]",
      "instances": [
        {
          "schema_version": 0,
          "attributes": {
            "availability_zone": "cn-south-1e",
            "cpu_core_count": 1,
            "generation": null,
            "id": "3035409187",
            "ids": [
              "s6.small.1"
            ],
            "memory_size": 1,
            "performance_type": "normal",
            "region": "cn-south-1"
          },
          "sensitive_attributes": []
        }
      ]
    },
    {
      "mode": "data",
      "type": "huaweicloud_elb_flavors",
      "name": "l4_flavors",
      "provider": "provider[\"registry.terraform.io/huaweicloud/huaweicloud\"]",
      "instances": [
        {
          "schema_version": 0,
          "attributes": {
            "bandwidth": 50,
            "cps": 10000,
            "flavors": [
              {
                "bandwidth": 50,
                "cps": 10000,
                "id": "794b60ad-40eb-4ddd-8fe5-9efd27c874ee",
                "max_connections": 500000,
                "name": "L4_flavor.elb.s1.small",
                "qps": 0,
                "type": "L4"
              }
            ],
            "id": "2367923732",
            "ids": [
              "794b60ad-40eb-4ddd-8fe5-9efd27c874ee"
            ],
            "max_connections": 500000,
            "qps": null,
            "region": "cn-south-1",
            "type": "L4"
          },
          "sensitive_attributes": []
        }
      ]
    },
    {
      "mode": "data",
      "type": "huaweicloud_elb_flavors",
      "name": "l7_flavors",
      "provider": "provider[\"registry.terraform.io/huaweicloud/huaweicloud\"]",
      "instances": [
        {
          "schema_version": 0,
          "attributes": {
            "bandwidth": 50,
            "cps": 2000,
            "flavors": [
              {
                "bandwidth": 50,
                "cps": 2000,
                "id": "0c0eb444-bd54-45bc-a0f2-2e1a3a63f16c",
                "max_connections": 200000,
                "name": "L7_flavor.elb.s1.small",
                "qps": 4000,
                "type": "L7"
              }
            ],
            "id": "517508859",
            "ids": [
              "0c0eb444-bd54-45bc-a0f2-2e1a3a63f16c"
            ],
            "max_connections": 200000,
            "qps": null,
            "region": "cn-south-1",
            "type": "L7"
          },
          "sensitive_attributes": []
        }
      ]
    },
    {
      "mode": "data",
      "type": "huaweicloud_images_image",
      "name": "myimage",
      "provider": "provider[\"registry.terraform.io/huaweicloud/huaweicloud\"]",
      "instances": [
        {
          "schema_version": 0,
          "attributes": {
            "architecture": null,
            "checksum": "d41d8cd98f00b204e9800998ecf8427e",
            "container_format": "bare",
            "created_at": "2018-09-28T14:48:41Z",
            "disk_format": "zvhd2",
            "enterprise_project_id": "",
            "file": "/v2/images/c5a4dd31-38df-447f-8363-1085c03cb3f1/file",
            "flavor_id": null,
            "id": "c5a4dd31-38df-447f-8363-1085c03cb3f1",
            "image_type": "FusionCompute",
            "metadata": null,
            "min_disk_gb": 40,
            "min_ram_mb": 1024,
            "most_recent": true,
            "name": "Ubuntu 18.04 server 64bit",
            "name_regex": null,
            "os": "Ubuntu",
            "os_version": "Ubuntu 18.04 server 64bit",
            "owner": "87f6e34660d347e3a1f89d4f05f0dc02",
            "protected": true,
            "region": null,
            "schema": "/v2/schemas/image",
            "size_bytes": 2064588800,
            "size_max": null,
            "size_min": null,
            "sort_direction": "asc",
            "sort_key": "name",
            "status": "active",
            "tag": null,
            "updated_at": "2022-11-15T09:04:58Z",
            "visibility": "public"
          },
          "sensitive_attributes": []
        }
      ]
    },
    {
      "mode": "managed",
      "type": "huaweicloud_compute_instance",
      "name": "ecs_01",
      "provider": "provider[\"registry.terraform.io/huaweicloud/huaweicloud\"]",
      "instances": [
        {
          "schema_version": 0,
          "attributes": {
            "access_ip_v4": "10.0.1.9",
            "access_ip_v6": "",
            "admin_pass": "Oc1234@@",
            "agency_name": "",
            "agent_list": "",
            "auto_pay": null,
            "auto_renew": null,
            "availability_zone": "cn-south-1e",
            "bandwidth": [],
            "block_device": [],
            "charging_mode": "postPaid",
            "created_at": "2023-03-14T03:59:30Z",
            "data_disks": [],
            "delete_disks_on_termination": null,
            "delete_eip_on_termination": true,
            "description": "",
            "eip_id": null,
            "eip_type": null,
            "enterprise_project_id": "0",
            "flavor_id": "s6.small.1",
            "flavor_name": "s6.small.1",
            "id": "a37320c9-98ca-4d0a-929e-c95fb3d8c056",
            "image_id": "c5a4dd31-38df-447f-8363-1085c03cb3f1",
            "image_name": "Ubuntu 18.04 server 64bit",
            "key_pair": null,
            "metadata": null,
            "name": "terraform_ecs_test_oc_01",
            "network": [
              {
                "access_network": false,
                "fixed_ip_v4": "10.0.1.9",
                "fixed_ip_v6": "",
                "ipv6_enable": false,
                "mac": "fa:16:3e:1c:1d:25",
                "port": "00186fc6-8c66-46e7-b911-dc33e5797e08",
                "source_dest_check": true,
                "uuid": "09846e15-05ec-4ae1-82f3-e7c4ae093bdc"
              }
            ],
            "period": null,
            "period_unit": null,
            "power_action": null,
            "private_key": null,
            "public_ip": null,
            "region": "cn-south-1",
            "scheduler_hints": [],
            "security_group_ids": [
              "06cc2848-e207-40f9-9d12-f1eeb6db9869"
            ],
            "security_groups": [
              "Secgroup-Basic-OC"
            ],
            "spot_duration": null,
            "spot_duration_count": null,
            "spot_maximum_price": null,
            "status": "ACTIVE",
            "stop_before_destroy": false,
            "system_disk_id": "7246be64-ced7-4095-af4c-1bc6cfe09ce2",
            "system_disk_size": 40,
            "system_disk_type": "GPSSD",
            "tags": null,
            "timeouts": null,
            "updated_at": "2023-03-14T04:00:26Z",
            "user_data": null,
            "user_id": null,
            "volume_attached": [
              {
                "boot_index": 0,
                "kms_key_id": "",
                "pci_address": "0000:02:01.0",
                "size": 40,
                "type": "GPSSD",
                "volume_id": "7246be64-ced7-4095-af4c-1bc6cfe09ce2"
              }
            ]
          },
          "sensitive_attributes": [],
          "private": "eyJlMmJmYjczMC1lY2FhLTExZTYtOGY4OC0zNDM2M2JjN2M0YzAiOnsiY3JlYXRlIjoxODAwMDAwMDAwMDAwLCJkZWxldGUiOjE4MDAwMDAwMDAwMDAsInVwZGF0ZSI6MTgwMDAwMDAwMDAwMH19",
          "dependencies": [
            "data.huaweicloud_images_image.myimage",
            "huaweicloud_networking_secgroup.secgroup_oc",
            "huaweicloud_vpc.vpc_basic",
            "huaweicloud_vpc_subnet.web_subnet_1"
          ]
        }
      ]
    },
    {
      "mode": "managed",
      "type": "huaweicloud_compute_instance",
      "name": "ecs_02",
      "provider": "provider[\"registry.terraform.io/huaweicloud/huaweicloud\"]",
      "instances": [
        {
          "schema_version": 0,
          "attributes": {
            "access_ip_v4": "10.0.2.6",
            "access_ip_v6": "",
            "admin_pass": "Oc1234@@",
            "agency_name": "",
            "agent_list": "",
            "auto_pay": null,
            "auto_renew": null,
            "availability_zone": "cn-south-1e",
            "bandwidth": [],
            "block_device": [],
            "charging_mode": "postPaid",
            "created_at": "2023-03-14T03:59:40Z",
            "data_disks": [],
            "delete_disks_on_termination": null,
            "delete_eip_on_termination": true,
            "description": "",
            "eip_id": null,
            "eip_type": null,
            "enterprise_project_id": "0",
            "flavor_id": "s6.small.1",
            "flavor_name": "s6.small.1",
            "id": "6ea71ce8-8ff3-4eb2-bd03-a07170566080",
            "image_id": "c5a4dd31-38df-447f-8363-1085c03cb3f1",
            "image_name": "Ubuntu 18.04 server 64bit",
            "key_pair": null,
            "metadata": null,
            "name": "terraform_ecs_test_oc_02",
            "network": [
              {
                "access_network": false,
                "fixed_ip_v4": "10.0.2.6",
                "fixed_ip_v6": "",
                "ipv6_enable": false,
                "mac": "fa:16:3e:1c:1e:22",
                "port": "22bf4184-da05-47cd-9a10-d8a1c46e0317",
                "source_dest_check": true,
                "uuid": "216ce1f1-9bab-4c51-8835-99912d8bdfcc"
              }
            ],
            "period": null,
            "period_unit": null,
            "power_action": null,
            "private_key": null,
            "public_ip": null,
            "region": "cn-south-1",
            "scheduler_hints": [],
            "security_group_ids": [
              "06cc2848-e207-40f9-9d12-f1eeb6db9869"
            ],
            "security_groups": [
              "Secgroup-Basic-OC"
            ],
            "spot_duration": null,
            "spot_duration_count": null,
            "spot_maximum_price": null,
            "status": "ACTIVE",
            "stop_before_destroy": false,
            "system_disk_id": "510f3f20-a341-4c24-991d-169374628a32",
            "system_disk_size": 40,
            "system_disk_type": "GPSSD",
            "tags": null,
            "timeouts": null,
            "updated_at": "2023-03-14T04:00:32Z",
            "user_data": null,
            "user_id": null,
            "volume_attached": [
              {
                "boot_index": 0,
                "kms_key_id": "",
                "pci_address": "0000:02:01.0",
                "size": 40,
                "type": "GPSSD",
                "volume_id": "510f3f20-a341-4c24-991d-169374628a32"
              }
            ]
          },
          "sensitive_attributes": [],
          "private": "eyJlMmJmYjczMC1lY2FhLTExZTYtOGY4OC0zNDM2M2JjN2M0YzAiOnsiY3JlYXRlIjoxODAwMDAwMDAwMDAwLCJkZWxldGUiOjE4MDAwMDAwMDAwMDAsInVwZGF0ZSI6MTgwMDAwMDAwMDAwMH19",
          "dependencies": [
            "data.huaweicloud_images_image.myimage",
            "huaweicloud_networking_secgroup.secgroup_oc",
            "huaweicloud_vpc.vpc_basic",
            "huaweicloud_vpc_subnet.web_subnet_2"
          ]
        }
      ]
    },
    {
      "mode": "managed",
      "type": "huaweicloud_elb_listener",
      "name": "Terraform_OC_Test_Listener",
      "provider": "provider[\"registry.terraform.io/huaweicloud/huaweicloud\"]",
      "instances": [
        {
          "schema_version": 0,
          "attributes": {
            "access_policy": "",
            "advanced_forwarding_enabled": false,
            "ca_certificate": "",
            "default_pool_id": "",
            "description": "basic description",
            "forward_eip": false,
            "http2_enable": false,
            "id": "c83d06e9-73a3-4e81-b224-b73a980259d2",
            "idle_timeout": 60,
            "ip_group": "",
            "loadbalancer_id": "ce44205a-45ea-440c-a4e1-f9f78425381c",
            "name": "basic",
            "protocol": "HTTP",
            "protocol_port": 80,
            "region": "cn-south-1",
            "request_timeout": 60,
            "response_timeout": 60,
            "server_certificate": "",
            "sni_certificate": null,
            "tags": null,
            "timeouts": null,
            "tls_ciphers_policy": ""
          },
          "sensitive_attributes": [],
          "private": "eyJlMmJmYjczMC1lY2FhLTExZTYtOGY4OC0zNDM2M2JjN2M0YzAiOnsiY3JlYXRlIjo2MDAwMDAwMDAwMDAsImRlbGV0ZSI6NjAwMDAwMDAwMDAwLCJ1cGRhdGUiOjYwMDAwMDAwMDAwMH19",
          "dependencies": [
            "data.huaweicloud_elb_flavors.l4_flavors",
            "data.huaweicloud_elb_flavors.l7_flavors",
            "huaweicloud_elb_loadbalancer.Terraform_OC",
            "huaweicloud_vpc.vpc_basic",
            "huaweicloud_vpc_subnet.web_subnet_2"
          ]
        }
      ]
    },
    {
      "mode": "managed",
      "type": "huaweicloud_elb_loadbalancer",
      "name": "Terraform_OC",
      "provider": "provider[\"registry.terraform.io/huaweicloud/huaweicloud\"]",
      "instances": [
        {
          "schema_version": 0,
          "attributes": {
            "auto_pay": null,
            "auto_renew": null,
            "autoscaling_enabled": false,
            "availability_zone": [
              "cn-south-1c",
              "cn-south-1e",
              "cn-south-1f"
            ],
            "bandwidth_charge_mode": "traffic",
            "bandwidth_size": 10,
            "charging_mode": null,
            "cross_vpc_backend": true,
            "description": "Terraform_OC",
            "enterprise_project_id": "0",
            "id": "ce44205a-45ea-440c-a4e1-f9f78425381c",
            "iptype": "5_bgp",
            "ipv4_address": "10.0.2.112",
            "ipv4_eip": "124.71.59.155",
            "ipv4_eip_id": "0cee5b2c-53d6-4533-b111-efbbd6237345",
            "ipv4_subnet_id": "d468ecd5-9c0e-45bb-9737-90ecd09c3e7d",
            "ipv6_address": "",
            "ipv6_bandwidth_id": null,
            "ipv6_eip": null,
            "ipv6_eip_id": null,
            "ipv6_network_id": "",
            "l4_flavor_id": "794b60ad-40eb-4ddd-8fe5-9efd27c874ee",
            "l7_flavor_id": "0c0eb444-bd54-45bc-a0f2-2e1a3a63f16c",
            "min_l7_flavor_id": "",
            "name": "Terraform_OC_ELB",
            "period": null,
            "period_unit": null,
            "region": "cn-south-1",
            "sharetype": "PER",
            "tags": null,
            "timeouts": null,
            "vpc_id": "9b207787-0f08-4a77-8f85-76fd26d5531c"
          },
          "sensitive_attributes": [],
          "private": "eyJlMmJmYjczMC1lY2FhLTExZTYtOGY4OC0zNDM2M2JjN2M0YzAiOnsiY3JlYXRlIjo2MDAwMDAwMDAwMDAsImRlbGV0ZSI6MzAwMDAwMDAwMDAwLCJ1cGRhdGUiOjYwMDAwMDAwMDAwMH19",
          "dependencies": [
            "data.huaweicloud_elb_flavors.l4_flavors",
            "data.huaweicloud_elb_flavors.l7_flavors",
            "huaweicloud_vpc.vpc_basic",
            "huaweicloud_vpc_subnet.web_subnet_2"
          ]
        }
      ]
    },
    {
      "mode": "managed",
      "type": "huaweicloud_elb_member",
      "name": "member_1",
      "provider": "provider[\"registry.terraform.io/huaweicloud/huaweicloud\"]",
      "instances": [
        {
          "schema_version": 0,
          "attributes": {
            "address": "10.0.1.9",
            "id": "328873a9-99e4-4cf2-82c8-87fea08d1603",
            "name": "",
            "pool_id": "c8d96fbe-b1f9-4b81-9586-8bafdb7bbe16",
            "protocol_port": 80,
            "region": "cn-south-1",
            "subnet_id": "e9786a66-5a78-43aa-b645-c1b48468a050",
            "timeouts": null,
            "weight": 1
          },
          "sensitive_attributes": [],
          "private": "eyJlMmJmYjczMC1lY2FhLTExZTYtOGY4OC0zNDM2M2JjN2M0YzAiOnsiY3JlYXRlIjo2MDAwMDAwMDAwMDAsImRlbGV0ZSI6NjAwMDAwMDAwMDAwLCJ1cGRhdGUiOjYwMDAwMDAwMDAwMH19",
          "dependencies": [
            "data.huaweicloud_elb_flavors.l4_flavors",
            "data.huaweicloud_elb_flavors.l7_flavors",
            "data.huaweicloud_images_image.myimage",
            "huaweicloud_compute_instance.ecs_01",
            "huaweicloud_elb_listener.Terraform_OC_Test_Listener",
            "huaweicloud_elb_loadbalancer.Terraform_OC",
            "huaweicloud_elb_pool.pool_80_port",
            "huaweicloud_networking_secgroup.secgroup_oc",
            "huaweicloud_vpc.vpc_basic",
            "huaweicloud_vpc_subnet.web_subnet_1",
            "huaweicloud_vpc_subnet.web_subnet_2"
          ]
        }
      ]
    },
    {
      "mode": "managed",
      "type": "huaweicloud_elb_member",
      "name": "member_2",
      "provider": "provider[\"registry.terraform.io/huaweicloud/huaweicloud\"]",
      "instances": [
        {
          "schema_version": 0,
          "attributes": {
            "address": "10.0.2.6",
            "id": "1d4fce51-5f83-4472-b460-06a15a18f7b6",
            "name": "",
            "pool_id": "c8d96fbe-b1f9-4b81-9586-8bafdb7bbe16",
            "protocol_port": 80,
            "region": "cn-south-1",
            "subnet_id": "d468ecd5-9c0e-45bb-9737-90ecd09c3e7d",
            "timeouts": null,
            "weight": 1
          },
          "sensitive_attributes": [],
          "private": "eyJlMmJmYjczMC1lY2FhLTExZTYtOGY4OC0zNDM2M2JjN2M0YzAiOnsiY3JlYXRlIjo2MDAwMDAwMDAwMDAsImRlbGV0ZSI6NjAwMDAwMDAwMDAwLCJ1cGRhdGUiOjYwMDAwMDAwMDAwMH19",
          "dependencies": [
            "data.huaweicloud_elb_flavors.l4_flavors",
            "data.huaweicloud_elb_flavors.l7_flavors",
            "data.huaweicloud_images_image.myimage",
            "huaweicloud_compute_instance.ecs_02",
            "huaweicloud_elb_listener.Terraform_OC_Test_Listener",
            "huaweicloud_elb_loadbalancer.Terraform_OC",
            "huaweicloud_elb_pool.pool_80_port",
            "huaweicloud_networking_secgroup.secgroup_oc",
            "huaweicloud_vpc.vpc_basic",
            "huaweicloud_vpc_subnet.web_subnet_2"
          ]
        }
      ]
    },
    {
      "mode": "managed",
      "type": "huaweicloud_elb_monitor",
      "name": "monitor_1",
      "provider": "provider[\"registry.terraform.io/huaweicloud/huaweicloud\"]",
      "instances": [
        {
          "schema_version": 0,
          "attributes": {
            "domain_name": "",
            "id": "03c6c52f-e7ca-41e9-96d8-f3d421423e9e",
            "interval": 30,
            "max_retries": 10,
            "pool_id": "c8d96fbe-b1f9-4b81-9586-8bafdb7bbe16",
            "port": 80,
            "protocol": "HTTP",
            "region": "cn-south-1",
            "timeout": 15,
            "url_path": "/"
          },
          "sensitive_attributes": [],
          "private": "bnVsbA==",
          "dependencies": [
            "data.huaweicloud_elb_flavors.l4_flavors",
            "data.huaweicloud_elb_flavors.l7_flavors",
            "huaweicloud_elb_listener.Terraform_OC_Test_Listener",
            "huaweicloud_elb_loadbalancer.Terraform_OC",
            "huaweicloud_elb_pool.pool_80_port",
            "huaweicloud_vpc.vpc_basic",
            "huaweicloud_vpc_subnet.web_subnet_2"
          ]
        }
      ]
    },
    {
      "mode": "managed",
      "type": "huaweicloud_elb_pool",
      "name": "pool_80_port",
      "provider": "provider[\"registry.terraform.io/huaweicloud/huaweicloud\"]",
      "instances": [
        {
          "schema_version": 0,
          "attributes": {
            "description": "",
            "id": "c8d96fbe-b1f9-4b81-9586-8bafdb7bbe16",
            "lb_method": "ROUND_ROBIN",
            "listener_id": "c83d06e9-73a3-4e81-b224-b73a980259d2",
            "loadbalancer_id": "ce44205a-45ea-440c-a4e1-f9f78425381c",
            "name": "pool_80_port",
            "persistence": [],
            "protocol": "HTTP",
            "region": "cn-south-1",
            "timeouts": null
          },
          "sensitive_attributes": [],
          "private": "eyJlMmJmYjczMC1lY2FhLTExZTYtOGY4OC0zNDM2M2JjN2M0YzAiOnsiY3JlYXRlIjo2MDAwMDAwMDAwMDAsImRlbGV0ZSI6NjAwMDAwMDAwMDAwLCJ1cGRhdGUiOjYwMDAwMDAwMDAwMH19",
          "dependencies": [
            "data.huaweicloud_elb_flavors.l4_flavors",
            "data.huaweicloud_elb_flavors.l7_flavors",
            "huaweicloud_elb_listener.Terraform_OC_Test_Listener",
            "huaweicloud_elb_loadbalancer.Terraform_OC",
            "huaweicloud_vpc.vpc_basic",
            "huaweicloud_vpc_subnet.web_subnet_2"
          ]
        }
      ]
    },
    {
      "mode": "managed",
      "type": "huaweicloud_nat_gateway",
      "name": "nat_gateway_public",
      "provider": "provider[\"registry.terraform.io/huaweicloud/huaweicloud\"]",
      "instances": [
        {
          "schema_version": 0,
          "attributes": {
            "description": "test for OC terraform",
            "enterprise_project_id": "0",
            "id": "001b86be-cec7-4fc6-b71c-fdbe9ceb1b8c",
            "name": "OC_DEMO_NAT_GATEWAY",
            "region": "cn-south-1",
            "spec": "3",
            "status": "ACTIVE",
            "subnet_id": "09846e15-05ec-4ae1-82f3-e7c4ae093bdc",
            "tags": null,
            "timeouts": null,
            "vpc_id": "9b207787-0f08-4a77-8f85-76fd26d5531c"
          },
          "sensitive_attributes": [],
          "private": "eyJlMmJmYjczMC1lY2FhLTExZTYtOGY4OC0zNDM2M2JjN2M0YzAiOnsiY3JlYXRlIjozMDAwMDAwMDAwMDAsImRlbGV0ZSI6MzAwMDAwMDAwMDAwLCJ1cGRhdGUiOjMwMDAwMDAwMDAwMH19",
          "dependencies": [
            "huaweicloud_vpc.vpc_basic",
            "huaweicloud_vpc_subnet.web_subnet_1"
          ]
        }
      ]
    },
    {
      "mode": "managed",
      "type": "huaweicloud_nat_snat_rule",
      "name": "snat_web_subnet_1",
      "provider": "provider[\"registry.terraform.io/huaweicloud/huaweicloud\"]",
      "instances": [
        {
          "schema_version": 0,
          "attributes": {
            "cidr": "",
            "description": "",
            "floating_ip_address": "124.71.18.13",
            "floating_ip_id": "3b998188-bfb7-4b15-88d6-e8b10163b031",
            "id": "6027dba4-4ea1-4449-a9b4-5cc14c6c621e",
            "nat_gateway_id": "001b86be-cec7-4fc6-b71c-fdbe9ceb1b8c",
            "network_id": null,
            "region": "cn-south-1",
            "source_type": 0,
            "status": "ACTIVE",
            "subnet_id": "09846e15-05ec-4ae1-82f3-e7c4ae093bdc",
            "timeouts": null
          },
          "sensitive_attributes": [],
          "private": "eyJlMmJmYjczMC1lY2FhLTExZTYtOGY4OC0zNDM2M2JjN2M0YzAiOnsiY3JlYXRlIjozMDAwMDAwMDAwMDAsImRlbGV0ZSI6MzAwMDAwMDAwMDAwLCJ1cGRhdGUiOjMwMDAwMDAwMDAwMH19",
          "dependencies": [
            "huaweicloud_nat_gateway.nat_gateway_public",
            "huaweicloud_vpc.vpc_basic",
            "huaweicloud_vpc_bandwidth.demo_snat_eip",
            "huaweicloud_vpc_eip.shared",
            "huaweicloud_vpc_subnet.web_subnet_1"
          ]
        }
      ]
    },
    {
      "mode": "managed",
      "type": "huaweicloud_nat_snat_rule",
      "name": "snat_web_subnet_2",
      "provider": "provider[\"registry.terraform.io/huaweicloud/huaweicloud\"]",
      "instances": [
        {
          "schema_version": 0,
          "attributes": {
            "cidr": "",
            "description": "",
            "floating_ip_address": "124.71.18.13",
            "floating_ip_id": "3b998188-bfb7-4b15-88d6-e8b10163b031",
            "id": "81189e42-928e-4835-8db8-ce0019a73e1b",
            "nat_gateway_id": "001b86be-cec7-4fc6-b71c-fdbe9ceb1b8c",
            "network_id": null,
            "region": "cn-south-1",
            "source_type": 0,
            "status": "ACTIVE",
            "subnet_id": "216ce1f1-9bab-4c51-8835-99912d8bdfcc",
            "timeouts": null
          },
          "sensitive_attributes": [],
          "private": "eyJlMmJmYjczMC1lY2FhLTExZTYtOGY4OC0zNDM2M2JjN2M0YzAiOnsiY3JlYXRlIjozMDAwMDAwMDAwMDAsImRlbGV0ZSI6MzAwMDAwMDAwMDAwLCJ1cGRhdGUiOjMwMDAwMDAwMDAwMH19",
          "dependencies": [
            "huaweicloud_nat_gateway.nat_gateway_public",
            "huaweicloud_vpc.vpc_basic",
            "huaweicloud_vpc_bandwidth.demo_snat_eip",
            "huaweicloud_vpc_eip.shared",
            "huaweicloud_vpc_subnet.web_subnet_1",
            "huaweicloud_vpc_subnet.web_subnet_2"
          ]
        }
      ]
    },
    {
      "mode": "managed",
      "type": "huaweicloud_networking_secgroup",
      "name": "secgroup_oc",
      "provider": "provider[\"registry.terraform.io/huaweicloud/huaweicloud\"]",
      "instances": [
        {
          "schema_version": 0,
          "attributes": {
            "created_at": "2023-03-14T03:59:05Z",
            "delete_default_rules": null,
            "description": "basic security group",
            "enterprise_project_id": "0",
            "id": "06cc2848-e207-40f9-9d12-f1eeb6db9869",
            "name": "Secgroup-Basic-OC",
            "region": "cn-south-1",
            "rules": [
              {
                "action": "allow",
                "description": "",
                "direction": "egress",
                "ethertype": "IPv6",
                "id": "c7831a99-8d5c-4d91-8be4-b387d8107ae1",
                "port_range_max": 0,
                "port_range_min": 0,
                "ports": "",
                "priority": 100,
                "protocol": "",
                "remote_address_group_id": "",
                "remote_group_id": "",
                "remote_ip_prefix": ""
              },
              {
                "action": "allow",
                "description": "",
                "direction": "egress",
                "ethertype": "IPv4",
                "id": "ebc90921-4ec4-4ae8-b88e-25b39bd18381",
                "port_range_max": 0,
                "port_range_min": 0,
                "ports": "",
                "priority": 100,
                "protocol": "",
                "remote_address_group_id": "",
                "remote_group_id": "",
                "remote_ip_prefix": ""
              },
              {
                "action": "allow",
                "description": "",
                "direction": "ingress",
                "ethertype": "IPv6",
                "id": "0235af3c-dd19-4ba8-a245-3064cc2b3277",
                "port_range_max": 0,
                "port_range_min": 0,
                "ports": "",
                "priority": 100,
                "protocol": "",
                "remote_address_group_id": "",
                "remote_group_id": "06cc2848-e207-40f9-9d12-f1eeb6db9869",
                "remote_ip_prefix": ""
              },
              {
                "action": "allow",
                "description": "",
                "direction": "ingress",
                "ethertype": "IPv4",
                "id": "5710711d-2266-4466-92af-79cdef3b526a",
                "port_range_max": 0,
                "port_range_min": 0,
                "ports": "",
                "priority": 100,
                "protocol": "",
                "remote_address_group_id": "",
                "remote_group_id": "06cc2848-e207-40f9-9d12-f1eeb6db9869",
                "remote_ip_prefix": ""
              }
            ],
            "timeouts": null,
            "updated_at": "2023-03-14T03:59:05Z"
          },
          "sensitive_attributes": [],
          "private": "eyJlMmJmYjczMC1lY2FhLTExZTYtOGY4OC0zNDM2M2JjN2M0YzAiOnsiZGVsZXRlIjo2MDAwMDAwMDAwMDB9fQ=="
        }
      ]
    },
    {
      "mode": "managed",
      "type": "huaweicloud_networking_secgroup",
      "name": "secgroup_oc_database",
      "provider": "provider[\"registry.terraform.io/huaweicloud/huaweicloud\"]",
      "instances": [
        {
          "schema_version": 0,
          "attributes": {
            "created_at": "2023-03-14T03:59:05Z",
            "delete_default_rules": null,
            "description": "basic security group",
            "enterprise_project_id": "0",
            "id": "f389d37d-7517-4021-a022-917b2becdeff",
            "name": "Secgroup-database-OC",
            "region": "cn-south-1",
            "rules": [
              {
                "action": "allow",
                "description": "",
                "direction": "egress",
                "ethertype": "IPv6",
                "id": "19a95985-a0eb-414f-ba7c-742e4a3f7553",
                "port_range_max": 0,
                "port_range_min": 0,
                "ports": "",
                "priority": 100,
                "protocol": "",
                "remote_address_group_id": "",
                "remote_group_id": "",
                "remote_ip_prefix": ""
              },
              {
                "action": "allow",
                "description": "",
                "direction": "egress",
                "ethertype": "IPv4",
                "id": "28f6ebf3-b883-423f-87d1-d4980c00c2b5",
                "port_range_max": 0,
                "port_range_min": 0,
                "ports": "",
                "priority": 100,
                "protocol": "",
                "remote_address_group_id": "",
                "remote_group_id": "",
                "remote_ip_prefix": ""
              },
              {
                "action": "allow",
                "description": "",
                "direction": "ingress",
                "ethertype": "IPv6",
                "id": "bbf0af3f-e12e-45a8-b0f1-85fc3fa5efb6",
                "port_range_max": 0,
                "port_range_min": 0,
                "ports": "",
                "priority": 100,
                "protocol": "",
                "remote_address_group_id": "",
                "remote_group_id": "f389d37d-7517-4021-a022-917b2becdeff",
                "remote_ip_prefix": ""
              },
              {
                "action": "allow",
                "description": "",
                "direction": "ingress",
                "ethertype": "IPv4",
                "id": "db94f9c2-e371-4e48-8b9b-4966f80e8411",
                "port_range_max": 0,
                "port_range_min": 0,
                "ports": "",
                "priority": 100,
                "protocol": "",
                "remote_address_group_id": "",
                "remote_group_id": "f389d37d-7517-4021-a022-917b2becdeff",
                "remote_ip_prefix": ""
              }
            ],
            "timeouts": null,
            "updated_at": "2023-03-14T03:59:05Z"
          },
          "sensitive_attributes": [],
          "private": "eyJlMmJmYjczMC1lY2FhLTExZTYtOGY4OC0zNDM2M2JjN2M0YzAiOnsiZGVsZXRlIjo2MDAwMDAwMDAwMDB9fQ=="
        }
      ]
    },
    {
      "mode": "managed",
      "type": "huaweicloud_networking_secgroup_rule",
      "name": "allow_db_3306_web_subnet_1",
      "provider": "provider[\"registry.terraform.io/huaweicloud/huaweicloud\"]",
      "instances": [
        {
          "schema_version": 0,
          "attributes": {
            "action": "allow",
            "description": "",
            "direction": "ingress",
            "ethertype": "IPv4",
            "id": "54d49a84-ad30-42f6-a997-3c0e85e52f5a",
            "port_range_max": 3306,
            "port_range_min": 3306,
            "ports": "3306",
            "priority": 1,
            "protocol": "tcp",
            "region": "cn-south-1",
            "remote_address_group_id": "",
            "remote_group_id": "",
            "remote_ip_prefix": "10.0.1.0/24",
            "security_group_id": "f389d37d-7517-4021-a022-917b2becdeff",
            "timeouts": null
          },
          "sensitive_attributes": [],
          "private": "eyJlMmJmYjczMC1lY2FhLTExZTYtOGY4OC0zNDM2M2JjN2M0YzAiOnsiZGVsZXRlIjo2MDAwMDAwMDAwMDB9fQ==",
          "dependencies": [
            "huaweicloud_networking_secgroup.secgroup_oc_database",
            "huaweicloud_vpc.vpc_basic",
            "huaweicloud_vpc_subnet.web_subnet_1"
          ]
        }
      ]
    },
    {
      "mode": "managed",
      "type": "huaweicloud_networking_secgroup_rule",
      "name": "allow_db_3306_web_subnet_2",
      "provider": "provider[\"registry.terraform.io/huaweicloud/huaweicloud\"]",
      "instances": [
        {
          "schema_version": 0,
          "attributes": {
            "action": "allow",
            "description": "",
            "direction": "ingress",
            "ethertype": "IPv4",
            "id": "6a0a4a42-b892-48dd-8fe8-62ce8c2329f8",
            "port_range_max": 3306,
            "port_range_min": 3306,
            "ports": "3306",
            "priority": 1,
            "protocol": "tcp",
            "region": "cn-south-1",
            "remote_address_group_id": "",
            "remote_group_id": "",
            "remote_ip_prefix": "10.0.2.0/24",
            "security_group_id": "f389d37d-7517-4021-a022-917b2becdeff",
            "timeouts": null
          },
          "sensitive_attributes": [],
          "private": "eyJlMmJmYjczMC1lY2FhLTExZTYtOGY4OC0zNDM2M2JjN2M0YzAiOnsiZGVsZXRlIjo2MDAwMDAwMDAwMDB9fQ==",
          "dependencies": [
            "huaweicloud_networking_secgroup.secgroup_oc_database",
            "huaweicloud_vpc.vpc_basic",
            "huaweicloud_vpc_subnet.web_subnet_2"
          ]
        }
      ]
    },
    {
      "mode": "managed",
      "type": "huaweicloud_networking_secgroup_rule",
      "name": "allow_http",
      "provider": "provider[\"registry.terraform.io/huaweicloud/huaweicloud\"]",
      "instances": [
        {
          "schema_version": 0,
          "attributes": {
            "action": "allow",
            "description": "",
            "direction": "ingress",
            "ethertype": "IPv4",
            "id": "bc6d0f4f-db1b-4e69-9e89-217bc9cf0b70",
            "port_range_max": 80,
            "port_range_min": 80,
            "ports": "80",
            "priority": 1,
            "protocol": "tcp",
            "region": "cn-south-1",
            "remote_address_group_id": "",
            "remote_group_id": "",
            "remote_ip_prefix": "0.0.0.0/0",
            "security_group_id": "06cc2848-e207-40f9-9d12-f1eeb6db9869",
            "timeouts": null
          },
          "sensitive_attributes": [],
          "private": "eyJlMmJmYjczMC1lY2FhLTExZTYtOGY4OC0zNDM2M2JjN2M0YzAiOnsiZGVsZXRlIjo2MDAwMDAwMDAwMDB9fQ==",
          "dependencies": [
            "huaweicloud_networking_secgroup.secgroup_oc"
          ]
        }
      ]
    },
    {
      "mode": "managed",
      "type": "huaweicloud_networking_secgroup_rule",
      "name": "allow_https",
      "provider": "provider[\"registry.terraform.io/huaweicloud/huaweicloud\"]",
      "instances": [
        {
          "schema_version": 0,
          "attributes": {
            "action": "allow",
            "description": "",
            "direction": "ingress",
            "ethertype": "IPv4",
            "id": "9cf58ab4-796a-4368-bd74-f1386a2fcee0",
            "port_range_max": 443,
            "port_range_min": 443,
            "ports": "443",
            "priority": 1,
            "protocol": "tcp",
            "region": "cn-south-1",
            "remote_address_group_id": "",
            "remote_group_id": "",
            "remote_ip_prefix": "0.0.0.0/0",
            "security_group_id": "06cc2848-e207-40f9-9d12-f1eeb6db9869",
            "timeouts": null
          },
          "sensitive_attributes": [],
          "private": "eyJlMmJmYjczMC1lY2FhLTExZTYtOGY4OC0zNDM2M2JjN2M0YzAiOnsiZGVsZXRlIjo2MDAwMDAwMDAwMDB9fQ==",
          "dependencies": [
            "huaweicloud_networking_secgroup.secgroup_oc"
          ]
        }
      ]
    },
    {
      "mode": "managed",
      "type": "huaweicloud_networking_secgroup_rule",
      "name": "allow_ping",
      "provider": "provider[\"registry.terraform.io/huaweicloud/huaweicloud\"]",
      "instances": [
        {
          "schema_version": 0,
          "attributes": {
            "action": "allow",
            "description": "",
            "direction": "ingress",
            "ethertype": "IPv4",
            "id": "73f0a6a1-3fa0-4146-a7ce-712a23c1fe8c",
            "port_range_max": 0,
            "port_range_min": 0,
            "ports": "",
            "priority": 1,
            "protocol": "icmp",
            "region": "cn-south-1",
            "remote_address_group_id": "",
            "remote_group_id": "",
            "remote_ip_prefix": "0.0.0.0/0",
            "security_group_id": "06cc2848-e207-40f9-9d12-f1eeb6db9869",
            "timeouts": null
          },
          "sensitive_attributes": [],
          "private": "eyJlMmJmYjczMC1lY2FhLTExZTYtOGY4OC0zNDM2M2JjN2M0YzAiOnsiZGVsZXRlIjo2MDAwMDAwMDAwMDB9fQ==",
          "dependencies": [
            "huaweicloud_networking_secgroup.secgroup_oc"
          ]
        }
      ]
    },
    {
      "mode": "managed",
      "type": "huaweicloud_rds_instance",
      "name": "instance",
      "provider": "provider[\"registry.terraform.io/huaweicloud/huaweicloud\"]",
      "instances": [
        {
          "schema_version": 0,
          "attributes": {
            "auto_pay": null,
            "auto_renew": null,
            "availability_zone": [
              "cn-south-1c",
              "cn-south-1e"
            ],
            "backup_strategy": [
              {
                "keep_days": 1,
                "start_time": "19:00-20:00"
              }
            ],
            "charging_mode": "postPaid",
            "collation": null,
            "created": "2023-03-14T04:04:37+0000",
            "db": [
              {
                "password": "Huangwei!120521",
                "port": 5432,
                "type": "PostgreSQL",
                "user_name": "root",
                "version": "12"
              }
            ],
            "enterprise_project_id": "0",
            "fixed_ip": "10.0.21.49",
            "flavor": "rds.pg.n1.large.2.ha",
            "ha_replication_mode": "async",
            "id": "d596090f38174355824da8a5ed95464cin03",
            "name": "terraform_test_rds_instance",
            "nodes": [
              {
                "availability_zone": "cn-south-1c",
                "id": "3bd808b15e4742a4b3fd7ecfdbcab166no03",
                "name": "terraform_test_rds_instance_node0",
                "role": "master",
                "status": "ACTIVE"
              },
              {
                "availability_zone": "cn-south-1e",
                "id": "8f16128966cd43ea8873cb8deb5818e6no03",
                "name": "terraform_test_rds_instance_node1",
                "role": "slave",
                "status": "ACTIVE"
              }
            ],
            "param_group_id": null,
            "period": null,
            "period_unit": null,
            "private_ips": [
              "10.0.21.49"
            ],
            "public_ips": [],
            "region": "cn-south-1",
            "security_group_id": "f389d37d-7517-4021-a022-917b2becdeff",
            "ssl_enable": null,
            "status": "ACTIVE",
            "subnet_id": "3d6dfe9c-38eb-4edd-a6b2-0f69f37c4e68",
            "tags": null,
            "time_zone": "UTC",
            "timeouts": null,
            "volume": [
              {
                "disk_encryption_id": "",
                "size": 100,
                "type": "CLOUDSSD"
              }
            ],
            "vpc_id": "9b207787-0f08-4a77-8f85-76fd26d5531c"
          },
          "sensitive_attributes": [],
          "private": "eyJlMmJmYjczMC1lY2FhLTExZTYtOGY4OC0zNDM2M2JjN2M0YzAiOnsiY3JlYXRlIjoxODAwMDAwMDAwMDAwLCJkZWZhdWx0Ijo5MDAwMDAwMDAwMDAsImRlbGV0ZSI6MTgwMDAwMDAwMDAwMCwicmVhZCI6OTAwMDAwMDAwMDAwLCJ1cGRhdGUiOjE4MDAwMDAwMDAwMDB9fQ==",
          "dependencies": [
            "huaweicloud_networking_secgroup.secgroup_oc_database",
            "huaweicloud_vpc.vpc_basic",
            "huaweicloud_vpc_subnet.database_subnet_1"
          ]
        }
      ]
    },
    {
      "mode": "managed",
      "type": "huaweicloud_vpc",
      "name": "vpc_basic",
      "provider": "provider[\"registry.terraform.io/huaweicloud/huaweicloud\"]",
      "instances": [
        {
          "schema_version": 0,
          "attributes": {
            "cidr": "10.0.0.0/16",
            "description": "",
            "enterprise_project_id": "0",
            "id": "9b207787-0f08-4a77-8f85-76fd26d5531c",
            "name": "OC_TERRAFORM_DEMO_BASIC_VPC",
            "region": "cn-south-1",
            "routes": [],
            "secondary_cidr": null,
            "status": "OK",
            "tags": null,
            "timeouts": null
          },
          "sensitive_attributes": [],
          "private": "eyJlMmJmYjczMC1lY2FhLTExZTYtOGY4OC0zNDM2M2JjN2M0YzAiOnsiY3JlYXRlIjo2MDAwMDAwMDAwMDAsImRlbGV0ZSI6MTgwMDAwMDAwMDAwfX0="
        }
      ]
    },
    {
      "mode": "managed",
      "type": "huaweicloud_vpc_bandwidth",
      "name": "demo_snat_eip",
      "provider": "provider[\"registry.terraform.io/huaweicloud/huaweicloud\"]",
      "instances": [
        {
          "schema_version": 0,
          "attributes": {
            "bandwidth_type": "share",
            "charge_mode": "bandwidth",
            "enterprise_project_id": "0",
            "id": "2e0e5571-9f01-47e5-a424-83c0a47d7ff4",
            "name": "demo_snat_eip",
            "publicips": [],
            "region": null,
            "share_type": "WHOLE",
            "size": 5,
            "status": "NORMAL",
            "timeouts": null
          },
          "sensitive_attributes": [],
          "private": "eyJlMmJmYjczMC1lY2FhLTExZTYtOGY4OC0zNDM2M2JjN2M0YzAiOnsiY3JlYXRlIjo2MDAwMDAwMDAwMDAsImRlbGV0ZSI6NjAwMDAwMDAwMDAwLCJ1cGRhdGUiOjYwMDAwMDAwMDAwMH19"
        }
      ]
    },
    {
      "mode": "managed",
      "type": "huaweicloud_vpc_eip",
      "name": "shared",
      "provider": "provider[\"registry.terraform.io/huaweicloud/huaweicloud\"]",
      "instances": [
        {
          "schema_version": 0,
          "attributes": {
            "address": "124.71.18.13",
            "auto_pay": null,
            "auto_renew": null,
            "bandwidth": [
              {
                "charge_mode": "bandwidth",
                "id": "2e0e5571-9f01-47e5-a424-83c0a47d7ff4",
                "name": "demo_snat_eip",
                "share_type": "WHOLE",
                "size": 5
              }
            ],
            "charging_mode": null,
            "enterprise_project_id": "0",
            "id": "3b998188-bfb7-4b15-88d6-e8b10163b031",
            "ipv6_address": "",
            "name": "",
            "period": null,
            "period_unit": null,
            "port_id": "",
            "private_ip": "",
            "publicip": [
              {
                "ip_address": "124.71.18.13",
                "ip_version": 4,
                "port_id": "",
                "type": "5_bgp"
              }
            ],
            "region": "cn-south-1",
            "status": "UNBOUND",
            "tags": null,
            "timeouts": null
          },
          "sensitive_attributes": [],
          "private": "eyJlMmJmYjczMC1lY2FhLTExZTYtOGY4OC0zNDM2M2JjN2M0YzAiOnsiY3JlYXRlIjo2MDAwMDAwMDAwMDAsImRlbGV0ZSI6MzAwMDAwMDAwMDAwLCJ1cGRhdGUiOjMwMDAwMDAwMDAwMH19",
          "dependencies": [
            "huaweicloud_vpc_bandwidth.demo_snat_eip"
          ]
        }
      ]
    },
    {
      "mode": "managed",
      "type": "huaweicloud_vpc_subnet",
      "name": "application_subnet_1",
      "provider": "provider[\"registry.terraform.io/huaweicloud/huaweicloud\"]",
      "instances": [
        {
          "schema_version": 0,
          "attributes": {
            "availability_zone": "",
            "cidr": "10.0.11.0/24",
            "description": "",
            "dhcp_enable": true,
            "dns_list": [
              "100.125.1.250",
              "100.125.136.29"
            ],
            "gateway_ip": "10.0.11.1",
            "id": "9ad0b579-72f1-42f5-bed2-961805242318",
            "ipv4_subnet_id": "b406600d-3281-4e95-8169-c5debc798eb3",
            "ipv6_cidr": "",
            "ipv6_enable": false,
            "ipv6_gateway": "",
            "ipv6_subnet_id": "",
            "name": "OC_TERRAFORM_APPLICATION_SUBNET_1",
            "primary_dns": "100.125.1.250",
            "region": "cn-south-1",
            "secondary_dns": "100.125.136.29",
            "subnet_id": "b406600d-3281-4e95-8169-c5debc798eb3",
            "tags": null,
            "timeouts": null,
            "vpc_id": "9b207787-0f08-4a77-8f85-76fd26d5531c"
          },
          "sensitive_attributes": [],
          "private": "eyJlMmJmYjczMC1lY2FhLTExZTYtOGY4OC0zNDM2M2JjN2M0YzAiOnsiY3JlYXRlIjozMDAwMDAwMDAwMDAsImRlbGV0ZSI6MzAwMDAwMDAwMDAwfX0=",
          "dependencies": [
            "huaweicloud_vpc.vpc_basic"
          ]
        }
      ]
    },
    {
      "mode": "managed",
      "type": "huaweicloud_vpc_subnet",
      "name": "application_subnet_2",
      "provider": "provider[\"registry.terraform.io/huaweicloud/huaweicloud\"]",
      "instances": [
        {
          "schema_version": 0,
          "attributes": {
            "availability_zone": "",
            "cidr": "10.0.12.0/24",
            "description": "",
            "dhcp_enable": true,
            "dns_list": [
              "100.125.1.250",
              "100.125.136.29"
            ],
            "gateway_ip": "10.0.12.1",
            "id": "d10cdfe1-60cb-473d-a1ac-5542aca6f939",
            "ipv4_subnet_id": "b36f6db0-6d2a-4558-9eb7-6dca5e224c6a",
            "ipv6_cidr": "",
            "ipv6_enable": false,
            "ipv6_gateway": "",
            "ipv6_subnet_id": "",
            "name": "OC_TERRAFORM_APPLICATION_SUBNET_2",
            "primary_dns": "100.125.1.250",
            "region": "cn-south-1",
            "secondary_dns": "100.125.136.29",
            "subnet_id": "b36f6db0-6d2a-4558-9eb7-6dca5e224c6a",
            "tags": null,
            "timeouts": null,
            "vpc_id": "9b207787-0f08-4a77-8f85-76fd26d5531c"
          },
          "sensitive_attributes": [],
          "private": "eyJlMmJmYjczMC1lY2FhLTExZTYtOGY4OC0zNDM2M2JjN2M0YzAiOnsiY3JlYXRlIjozMDAwMDAwMDAwMDAsImRlbGV0ZSI6MzAwMDAwMDAwMDAwfX0=",
          "dependencies": [
            "huaweicloud_vpc.vpc_basic"
          ]
        }
      ]
    },
    {
      "mode": "managed",
      "type": "huaweicloud_vpc_subnet",
      "name": "database_subnet_1",
      "provider": "provider[\"registry.terraform.io/huaweicloud/huaweicloud\"]",
      "instances": [
        {
          "schema_version": 0,
          "attributes": {
            "availability_zone": "",
            "cidr": "10.0.21.0/24",
            "description": "",
            "dhcp_enable": true,
            "dns_list": [
              "100.125.1.250",
              "100.125.136.29"
            ],
            "gateway_ip": "10.0.21.1",
            "id": "3d6dfe9c-38eb-4edd-a6b2-0f69f37c4e68",
            "ipv4_subnet_id": "09ee1867-5133-4782-b604-0891057a7004",
            "ipv6_cidr": "",
            "ipv6_enable": false,
            "ipv6_gateway": "",
            "ipv6_subnet_id": "",
            "name": "OC_TERRAFORM_DATABASE_SUBNET_1",
            "primary_dns": "100.125.1.250",
            "region": "cn-south-1",
            "secondary_dns": "100.125.136.29",
            "subnet_id": "09ee1867-5133-4782-b604-0891057a7004",
            "tags": null,
            "timeouts": null,
            "vpc_id": "9b207787-0f08-4a77-8f85-76fd26d5531c"
          },
          "sensitive_attributes": [],
          "private": "eyJlMmJmYjczMC1lY2FhLTExZTYtOGY4OC0zNDM2M2JjN2M0YzAiOnsiY3JlYXRlIjozMDAwMDAwMDAwMDAsImRlbGV0ZSI6MzAwMDAwMDAwMDAwfX0=",
          "dependencies": [
            "huaweicloud_vpc.vpc_basic"
          ]
        }
      ]
    },
    {
      "mode": "managed",
      "type": "huaweicloud_vpc_subnet",
      "name": "database_subnet_2",
      "provider": "provider[\"registry.terraform.io/huaweicloud/huaweicloud\"]",
      "instances": [
        {
          "schema_version": 0,
          "attributes": {
            "availability_zone": "",
            "cidr": "10.0.22.0/24",
            "description": "",
            "dhcp_enable": true,
            "dns_list": [
              "100.125.1.250",
              "100.125.136.29"
            ],
            "gateway_ip": "10.0.22.1",
            "id": "83ab5d28-51ac-42a7-ba37-28819da5b5db",
            "ipv4_subnet_id": "fc77af82-d2bb-4919-9e11-5abba50d7a7b",
            "ipv6_cidr": "",
            "ipv6_enable": false,
            "ipv6_gateway": "",
            "ipv6_subnet_id": "",
            "name": "OC_TERRAFORM_DATABASE_SUBNET_2",
            "primary_dns": "100.125.1.250",
            "region": "cn-south-1",
            "secondary_dns": "100.125.136.29",
            "subnet_id": "fc77af82-d2bb-4919-9e11-5abba50d7a7b",
            "tags": null,
            "timeouts": null,
            "vpc_id": "9b207787-0f08-4a77-8f85-76fd26d5531c"
          },
          "sensitive_attributes": [],
          "private": "eyJlMmJmYjczMC1lY2FhLTExZTYtOGY4OC0zNDM2M2JjN2M0YzAiOnsiY3JlYXRlIjozMDAwMDAwMDAwMDAsImRlbGV0ZSI6MzAwMDAwMDAwMDAwfX0=",
          "dependencies": [
            "huaweicloud_vpc.vpc_basic"
          ]
        }
      ]
    },
    {
      "mode": "managed",
      "type": "huaweicloud_vpc_subnet",
      "name": "web_subnet_1",
      "provider": "provider[\"registry.terraform.io/huaweicloud/huaweicloud\"]",
      "instances": [
        {
          "schema_version": 0,
          "attributes": {
            "availability_zone": "",
            "cidr": "10.0.1.0/24",
            "description": "",
            "dhcp_enable": true,
            "dns_list": [
              "100.125.1.250",
              "100.125.136.29"
            ],
            "gateway_ip": "10.0.1.1",
            "id": "09846e15-05ec-4ae1-82f3-e7c4ae093bdc",
            "ipv4_subnet_id": "e9786a66-5a78-43aa-b645-c1b48468a050",
            "ipv6_cidr": "",
            "ipv6_enable": false,
            "ipv6_gateway": "",
            "ipv6_subnet_id": "",
            "name": "OC_TERRAFORM_WEB_SUBNET_1",
            "primary_dns": "100.125.1.250",
            "region": "cn-south-1",
            "secondary_dns": "100.125.136.29",
            "subnet_id": "e9786a66-5a78-43aa-b645-c1b48468a050",
            "tags": null,
            "timeouts": null,
            "vpc_id": "9b207787-0f08-4a77-8f85-76fd26d5531c"
          },
          "sensitive_attributes": [],
          "private": "eyJlMmJmYjczMC1lY2FhLTExZTYtOGY4OC0zNDM2M2JjN2M0YzAiOnsiY3JlYXRlIjozMDAwMDAwMDAwMDAsImRlbGV0ZSI6MzAwMDAwMDAwMDAwfX0=",
          "dependencies": [
            "huaweicloud_vpc.vpc_basic"
          ]
        }
      ]
    },
    {
      "mode": "managed",
      "type": "huaweicloud_vpc_subnet",
      "name": "web_subnet_2",
      "provider": "provider[\"registry.terraform.io/huaweicloud/huaweicloud\"]",
      "instances": [
        {
          "schema_version": 0,
          "attributes": {
            "availability_zone": "",
            "cidr": "10.0.2.0/24",
            "description": "",
            "dhcp_enable": true,
            "dns_list": [
              "100.125.1.250",
              "100.125.136.29"
            ],
            "gateway_ip": "10.0.2.1",
            "id": "216ce1f1-9bab-4c51-8835-99912d8bdfcc",
            "ipv4_subnet_id": "d468ecd5-9c0e-45bb-9737-90ecd09c3e7d",
            "ipv6_cidr": "",
            "ipv6_enable": false,
            "ipv6_gateway": "",
            "ipv6_subnet_id": "",
            "name": "OC_TERRAFORM_WEB_SUBNET_2",
            "primary_dns": "100.125.1.250",
            "region": "cn-south-1",
            "secondary_dns": "100.125.136.29",
            "subnet_id": "d468ecd5-9c0e-45bb-9737-90ecd09c3e7d",
            "tags": null,
            "timeouts": null,
            "vpc_id": "9b207787-0f08-4a77-8f85-76fd26d5531c"
          },
          "sensitive_attributes": [],
          "private": "eyJlMmJmYjczMC1lY2FhLTExZTYtOGY4OC0zNDM2M2JjN2M0YzAiOnsiY3JlYXRlIjozMDAwMDAwMDAwMDAsImRlbGV0ZSI6MzAwMDAwMDAwMDAwfX0=",
          "dependencies": [
            "huaweicloud_vpc.vpc_basic"
          ]
        }
      ]
    }
  ],
  "check_results": []
}
